// !$*UTF8*$!
{
	archiveVersion = 1;
	classes = {
	};
	objectVersion = 77;
	objects = {

/* Begin PBXBuildFile section */
		029D5D5DF9A3AADFEE4746E1 /* MenuBarExtraAccess in Frameworks */ = {isa = PBXBuildFile; productRef = B7BF6B03C13860CCD1E85526 /* MenuBarExtraAccess */; };
		09E0C0FA877B857BB17F524D /* ToolLocator.swift in Sources */ = {isa = PBXBuildFile; fileRef = 5531EFE3E6A6B9815FE6AA3D /* ToolLocator.swift */; };
		0ED1AAAEAADA7250AF998BA2 /* JobRunner.swift in Sources */ = {isa = PBXBuildFile; fileRef = F4207776C9EC0D4B31D82E91 /* JobRunner.swift */; };
		13CED2766FF188E9F0C1D8A9 /* GitHubDeviceAuth.swift in Sources */ = {isa = PBXBuildFile; fileRef = 8DED6874FE4B27207A890E6E /* GitHubDeviceAuth.swift */; };
		1BC9B5A4FF2718D84D76DD36 /* MPMServiceTests.swift in Sources */ = {isa = PBXBuildFile; fileRef = B8E05CAA843B5A8B62671E5E /* MPMServiceTests.swift */; };
		1D1AFC6E3F699596754D80BE /* Snapshot.swift in Sources */ = {isa = PBXBuildFile; fileRef = B17DA112F156FC13EBFD8B18 /* Snapshot.swift */; };
		1D1E0ECF892F0FA35A6CCADF /* HistoryEntry.swift in Sources */ = {isa = PBXBuildFile; fileRef = E9E64BDF45BE87A78922A385 /* HistoryEntry.swift */; };
		247920E87C1C4DE550730A4A /* BrewService.swift in Sources */ = {isa = PBXBuildFile; fileRef = C51F95DC3AF05E699D7B7E96 /* BrewService.swift */; };
		255592017CCCD69716E07DE9 /* MPMService.swift in Sources */ = {isa = PBXBuildFile; fileRef = 4D35262F953E915D1F66ECD0 /* MPMService.swift */; };
		261BEFF3AAF79386E014FBD9 /* SojournFileCodec.swift in Sources */ = {isa = PBXBuildFile; fileRef = 481F54F2BDF64F5380438AA6 /* SojournFileCodec.swift */; };
		262B5F3716E1AC7A9612369A /* DeletionsDB.swift in Sources */ = {isa = PBXBuildFile; fileRef = 519573B2007EA85FF61BF8F5 /* DeletionsDB.swift */; };
		2B3E1342F39ED82478E6D339 /* ANSIParser.swift in Sources */ = {isa = PBXBuildFile; fileRef = 1BDD342FB453E37289043AB0 /* ANSIParser.swift */; };
		37441384AFE282EE64098F7F /* Conflict.swift in Sources */ = {isa = PBXBuildFile; fileRef = A8A0D4248D7F40715D7685E4 /* Conflict.swift */; };
		4A5F2856940C55ECD4D50CCC /* SojournApp.swift in Sources */ = {isa = PBXBuildFile; fileRef = CC7AC9EC2C343DE83DB1830A /* SojournApp.swift */; };
		4DE366BB1A9A86717FCF2ABE /* Job.swift in Sources */ = {isa = PBXBuildFile; fileRef = C0814F9583EAFEE9FAF041AE /* Job.swift */; };
		508C867592BF7AA7D2D54400 /* SubprocessRunnerTests.swift in Sources */ = {isa = PBXBuildFile; fileRef = D717FBA5804F28F8892BC95F /* SubprocessRunnerTests.swift */; };
		52EDC71EEB3F6B1019200816 /* LogBuffer.swift in Sources */ = {isa = PBXBuildFile; fileRef = 75102F527B8749FB644C0444 /* LogBuffer.swift */; };
		5B90DE31FC7F4180A0AF34B8 /* SojournUITests.swift in Sources */ = {isa = PBXBuildFile; fileRef = B10DD40CBD9A7ADFED1E94D4 /* SojournUITests.swift */; };
		6AC8674D8D977F7C108ADF81 /* LogBufferTests.swift in Sources */ = {isa = PBXBuildFile; fileRef = 2DD4943AD10D37C3DB9CFBC9 /* LogBufferTests.swift */; };
		735FB5111FAFC6F9433CE554 /* AppSupportPaths.swift in Sources */ = {isa = PBXBuildFile; fileRef = 95E397843E7AA4607A3DD54E /* AppSupportPaths.swift */; };
		752719910F7FCAAC7519C880 /* SettingsStore.swift in Sources */ = {isa = PBXBuildFile; fileRef = C454DA661BE5AA7E7BB4A276 /* SettingsStore.swift */; };
		7BD820423453D94C76D6AC14 /* PreferenceDomain.swift in Sources */ = {isa = PBXBuildFile; fileRef = 92FBF1A32893C79F8C24CC6D /* PreferenceDomain.swift */; };
		821CF9439A3A22FDBE3106C9 /* DotfileOwner.swift in Sources */ = {isa = PBXBuildFile; fileRef = 85CA5EF14259B836AD6AED4E /* DotfileOwner.swift */; };
		84ED767DF156511C5A5411CD /* SubprocessError.swift in Sources */ = {isa = PBXBuildFile; fileRef = 67A4B09F86913C2562B8AD88 /* SubprocessError.swift */; };
		8B48C4D2F4994607EAEC16C3 /* ContentView.swift in Sources */ = {isa = PBXBuildFile; fileRef = 3A48660D88C1608BF1170092 /* ContentView.swift */; };
		8FA89585B9D478180E588471 /* ChezmoiService.swift in Sources */ = {isa = PBXBuildFile; fileRef = 494B9E3CA3D4138CF9774417 /* ChezmoiService.swift */; };
		9453FF999E25CAABF33361EC /* AppStore.swift in Sources */ = {isa = PBXBuildFile; fileRef = CA1C48BDB71227E5F1B7662A /* AppStore.swift */; };
		96569C952E7FBF0DA8BF89A5 /* PrefService.swift in Sources */ = {isa = PBXBuildFile; fileRef = 8CF3E7F8591B56E1E9859A73 /* PrefService.swift */; };
		96F5B9D644CDA14A4F97D25B /* SubprocessRunner.swift in Sources */ = {isa = PBXBuildFile; fileRef = 22DFD3E375E49A6409AE3812 /* SubprocessRunner.swift */; };
		ABF59B843BD9670834DF9AB3 /* ServicesTests.swift in Sources */ = {isa = PBXBuildFile; fileRef = 012D1D3CEBF6D99B901ABA36 /* ServicesTests.swift */; };
		AE7C259E9B5D4CE6322916C8 /* SecretScanService.swift in Sources */ = {isa = PBXBuildFile; fileRef = 07993C2265D99A08965BAA61 /* SecretScanService.swift */; };
		AF41D0A179C38D3AFA59E55A /* ANSIParserTests.swift in Sources */ = {isa = PBXBuildFile; fileRef = 55D844D1916BAD352E960418 /* ANSIParserTests.swift */; };
		B475679D0AD785BB136FC9D2 /* BackupsDirectory.swift in Sources */ = {isa = PBXBuildFile; fileRef = 0E16DA51B87576598BAB7134 /* BackupsDirectory.swift */; };
		BFB171F5BB6318C71D640141 /* AutoUpdateTier.swift in Sources */ = {isa = PBXBuildFile; fileRef = B90A0FD134A7FCFD56850E8F /* AutoUpdateTier.swift */; };
		C44DB6B79B4C736DEC87106E /* MachineMetadata.swift in Sources */ = {isa = PBXBuildFile; fileRef = EDF057685B19AB3503933B08 /* MachineMetadata.swift */; };
		C63650F6F57BDB8D36CDC7E9 /* OrphanCandidate.swift in Sources */ = {isa = PBXBuildFile; fileRef = AA82E2DC35BD66C0CCB3D31C /* OrphanCandidate.swift */; };
		C6E76168AC77E5F2B66C1A00 /* ToolLocatorTests.swift in Sources */ = {isa = PBXBuildFile; fileRef = 3631080B96D92DFD843F72AE /* ToolLocatorTests.swift */; };
		DE03A44AB78A511EEE4CD4F1 /* BootstrapService.swift in Sources */ = {isa = PBXBuildFile; fileRef = 14A5F035C01184E1BF26CB2F /* BootstrapService.swift */; };
		DEC7987D1C49E0302153500B /* PersistenceTests.swift in Sources */ = {isa = PBXBuildFile; fileRef = 78D3E34CEC39749CE7D6E198 /* PersistenceTests.swift */; };
		E50919FD33E2914DF758D069 /* JobRunnerTests.swift in Sources */ = {isa = PBXBuildFile; fileRef = 72893E315B28B7A4C2D41119 /* JobRunnerTests.swift */; };
		F40C659088BA7D50CF171576 /* ManagerSnapshot.swift in Sources */ = {isa = PBXBuildFile; fileRef = 3D1CE3F585241A7C3832E1FC /* ManagerSnapshot.swift */; };
		F6BF2FC143BC1E32029089C9 /* GitService.swift in Sources */ = {isa = PBXBuildFile; fileRef = 51654B4F53BDA5905226D68E /* GitService.swift */; };
		FEC5097A5FFAE8DAAA7D7B3A /* Subprocess in Frameworks */ = {isa = PBXBuildFile; productRef = 39BF93AAF2A4FCFC7EBAD55E /* Subprocess */; };
/* End PBXBuildFile section */

/* Begin PBXContainerItemProxy section */
		8D8FDEE0D8BB2633AC860015 /* PBXContainerItemProxy */ = {
			isa = PBXContainerItemProxy;
			containerPortal = 8859980E698820D5DE487503 /* Project object */;
			proxyType = 1;
			remoteGlobalIDString = 940E88B3F1FF4F0B348B13A6;
			remoteInfo = Sojourn;
		};
		AA1E9A8F51EBDF161899C416 /* PBXContainerItemProxy */ = {
			isa = PBXContainerItemProxy;
			containerPortal = 8859980E698820D5DE487503 /* Project object */;
			proxyType = 1;
			remoteGlobalIDString = 940E88B3F1FF4F0B348B13A6;
			remoteInfo = Sojourn;
		};
/* End PBXContainerItemProxy section */

/* Begin PBXFileReference section */
		012D1D3CEBF6D99B901ABA36 /* ServicesTests.swift */ = {isa = PBXFileReference; lastKnownFileType = sourcecode.swift; path = ServicesTests.swift; sourceTree = "<group>"; };
		07993C2265D99A08965BAA61 /* SecretScanService.swift */ = {isa = PBXFileReference; lastKnownFileType = sourcecode.swift; path = SecretScanService.swift; sourceTree = "<group>"; };
		0E16DA51B87576598BAB7134 /* BackupsDirectory.swift */ = {isa = PBXFileReference; lastKnownFileType = sourcecode.swift; path = BackupsDirectory.swift; sourceTree = "<group>"; };
		101837DD34BDE8DB72BE4924 /* .gitkeep */ = {isa = PBXFileReference; path = .gitkeep; sourceTree = "<group>"; };
		14A5F035C01184E1BF26CB2F /* BootstrapService.swift */ = {isa = PBXFileReference; lastKnownFileType = sourcecode.swift; path = BootstrapService.swift; sourceTree = "<group>"; };
		1BDD342FB453E37289043AB0 /* ANSIParser.swift */ = {isa = PBXFileReference; lastKnownFileType = sourcecode.swift; path = ANSIParser.swift; sourceTree = "<group>"; };
		22DFD3E375E49A6409AE3812 /* SubprocessRunner.swift */ = {isa = PBXFileReference; lastKnownFileType = sourcecode.swift; path = SubprocessRunner.swift; sourceTree = "<group>"; };
		27657F22347EC0CCD4B14D5C /* .gitkeep */ = {isa = PBXFileReference; path = .gitkeep; sourceTree = "<group>"; };
		2DD4943AD10D37C3DB9CFBC9 /* LogBufferTests.swift */ = {isa = PBXFileReference; lastKnownFileType = sourcecode.swift; path = LogBufferTests.swift; sourceTree = "<group>"; };
		3631080B96D92DFD843F72AE /* ToolLocatorTests.swift */ = {isa = PBXFileReference; lastKnownFileType = sourcecode.swift; path = ToolLocatorTests.swift; sourceTree = "<group>"; };
		3A48660D88C1608BF1170092 /* ContentView.swift */ = {isa = PBXFileReference; lastKnownFileType = sourcecode.swift; path = ContentView.swift; sourceTree = "<group>"; };
		3D1CE3F585241A7C3832E1FC /* ManagerSnapshot.swift */ = {isa = PBXFileReference; lastKnownFileType = sourcecode.swift; path = ManagerSnapshot.swift; sourceTree = "<group>"; };
		481F54F2BDF64F5380438AA6 /* SojournFileCodec.swift */ = {isa = PBXFileReference; lastKnownFileType = sourcecode.swift; path = SojournFileCodec.swift; sourceTree = "<group>"; };
		494B9E3CA3D4138CF9774417 /* ChezmoiService.swift */ = {isa = PBXFileReference; lastKnownFileType = sourcecode.swift; path = ChezmoiService.swift; sourceTree = "<group>"; };
		4D35262F953E915D1F66ECD0 /* MPMService.swift */ = {isa = PBXFileReference; lastKnownFileType = sourcecode.swift; path = MPMService.swift; sourceTree = "<group>"; };
		5067374206B171480C067C6A /* SojournTests.xctest */ = {isa = PBXFileReference; explicitFileType = wrapper.cfbundle; includeInIndex = 0; path = SojournTests.xctest; sourceTree = BUILT_PRODUCTS_DIR; };
		51654B4F53BDA5905226D68E /* GitService.swift */ = {isa = PBXFileReference; lastKnownFileType = sourcecode.swift; path = GitService.swift; sourceTree = "<group>"; };
		519573B2007EA85FF61BF8F5 /* DeletionsDB.swift */ = {isa = PBXFileReference; lastKnownFileType = sourcecode.swift; path = DeletionsDB.swift; sourceTree = "<group>"; };
		5531EFE3E6A6B9815FE6AA3D /* ToolLocator.swift */ = {isa = PBXFileReference; lastKnownFileType = sourcecode.swift; path = ToolLocator.swift; sourceTree = "<group>"; };
		55D844D1916BAD352E960418 /* ANSIParserTests.swift */ = {isa = PBXFileReference; lastKnownFileType = sourcecode.swift; path = ANSIParserTests.swift; sourceTree = "<group>"; };
		67A4B09F86913C2562B8AD88 /* SubprocessError.swift */ = {isa = PBXFileReference; lastKnownFileType = sourcecode.swift; path = SubprocessError.swift; sourceTree = "<group>"; };
		72893E315B28B7A4C2D41119 /* JobRunnerTests.swift */ = {isa = PBXFileReference; lastKnownFileType = sourcecode.swift; path = JobRunnerTests.swift; sourceTree = "<group>"; };
		75102F527B8749FB644C0444 /* LogBuffer.swift */ = {isa = PBXFileReference; lastKnownFileType = sourcecode.swift; path = LogBuffer.swift; sourceTree = "<group>"; };
		78D3E34CEC39749CE7D6E198 /* PersistenceTests.swift */ = {isa = PBXFileReference; lastKnownFileType = sourcecode.swift; path = PersistenceTests.swift; sourceTree = "<group>"; };
		85CA5EF14259B836AD6AED4E /* DotfileOwner.swift */ = {isa = PBXFileReference; lastKnownFileType = sourcecode.swift; path = DotfileOwner.swift; sourceTree = "<group>"; };
		8CF3E7F8591B56E1E9859A73 /* PrefService.swift */ = {isa = PBXFileReference; lastKnownFileType = sourcecode.swift; path = PrefService.swift; sourceTree = "<group>"; };
		8DED6874FE4B27207A890E6E /* GitHubDeviceAuth.swift */ = {isa = PBXFileReference; lastKnownFileType = sourcecode.swift; path = GitHubDeviceAuth.swift; sourceTree = "<group>"; };
		92FBF1A32893C79F8C24CC6D /* PreferenceDomain.swift */ = {isa = PBXFileReference; lastKnownFileType = sourcecode.swift; path = PreferenceDomain.swift; sourceTree = "<group>"; };
		95E397843E7AA4607A3DD54E /* AppSupportPaths.swift */ = {isa = PBXFileReference; lastKnownFileType = sourcecode.swift; path = AppSupportPaths.swift; sourceTree = "<group>"; };
		A8A0D4248D7F40715D7685E4 /* Conflict.swift */ = {isa = PBXFileReference; lastKnownFileType = sourcecode.swift; path = Conflict.swift; sourceTree = "<group>"; };
		AA82E2DC35BD66C0CCB3D31C /* OrphanCandidate.swift */ = {isa = PBXFileReference; lastKnownFileType = sourcecode.swift; path = OrphanCandidate.swift; sourceTree = "<group>"; };
		B10DD40CBD9A7ADFED1E94D4 /* SojournUITests.swift */ = {isa = PBXFileReference; lastKnownFileType = sourcecode.swift; path = SojournUITests.swift; sourceTree = "<group>"; };
		B155502B536A71BBC60866A8 /* .gitkeep */ = {isa = PBXFileReference; path = .gitkeep; sourceTree = "<group>"; };
		B17DA112F156FC13EBFD8B18 /* Snapshot.swift */ = {isa = PBXFileReference; lastKnownFileType = sourcecode.swift; path = Snapshot.swift; sourceTree = "<group>"; };
		B8E05CAA843B5A8B62671E5E /* MPMServiceTests.swift */ = {isa = PBXFileReference; lastKnownFileType = sourcecode.swift; path = MPMServiceTests.swift; sourceTree = "<group>"; };
		B90A0FD134A7FCFD56850E8F /* AutoUpdateTier.swift */ = {isa = PBXFileReference; lastKnownFileType = sourcecode.swift; path = AutoUpdateTier.swift; sourceTree = "<group>"; };
		BC0CD2FDD4876C335C51A7F6 /* SojournUITests.xctest */ = {isa = PBXFileReference; explicitFileType = wrapper.cfbundle; includeInIndex = 0; path = SojournUITests.xctest; sourceTree = BUILT_PRODUCTS_DIR; };
		BE87553CA8CCFF236BAD7935 /* .gitkeep */ = {isa = PBXFileReference; path = .gitkeep; sourceTree = "<group>"; };
		C0814F9583EAFEE9FAF041AE /* Job.swift */ = {isa = PBXFileReference; lastKnownFileType = sourcecode.swift; path = Job.swift; sourceTree = "<group>"; };
		C40858EDF69CF14EA473AF3F /* Sojourn.app */ = {isa = PBXFileReference; explicitFileType = wrapper.application; includeInIndex = 0; path = Sojourn.app; sourceTree = BUILT_PRODUCTS_DIR; };
		C454DA661BE5AA7E7BB4A276 /* SettingsStore.swift */ = {isa = PBXFileReference; lastKnownFileType = sourcecode.swift; path = SettingsStore.swift; sourceTree = "<group>"; };
		C51F95DC3AF05E699D7B7E96 /* BrewService.swift */ = {isa = PBXFileReference; lastKnownFileType = sourcecode.swift; path = BrewService.swift; sourceTree = "<group>"; };
		C715FB2104E0602E477DC8AF /* .gitkeep */ = {isa = PBXFileReference; path = .gitkeep; sourceTree = "<group>"; };
		CA1C48BDB71227E5F1B7662A /* AppStore.swift */ = {isa = PBXFileReference; lastKnownFileType = sourcecode.swift; path = AppStore.swift; sourceTree = "<group>"; };
		CC7AC9EC2C343DE83DB1830A /* SojournApp.swift */ = {isa = PBXFileReference; lastKnownFileType = sourcecode.swift; path = SojournApp.swift; sourceTree = "<group>"; };
		D717FBA5804F28F8892BC95F /* SubprocessRunnerTests.swift */ = {isa = PBXFileReference; lastKnownFileType = sourcecode.swift; path = SubprocessRunnerTests.swift; sourceTree = "<group>"; };
		E9E64BDF45BE87A78922A385 /* HistoryEntry.swift */ = {isa = PBXFileReference; lastKnownFileType = sourcecode.swift; path = HistoryEntry.swift; sourceTree = "<group>"; };
		EA355F6358F10594B2C15DD3 /* .gitkeep */ = {isa = PBXFileReference; path = .gitkeep; sourceTree = "<group>"; };
		EDF057685B19AB3503933B08 /* MachineMetadata.swift */ = {isa = PBXFileReference; lastKnownFileType = sourcecode.swift; path = MachineMetadata.swift; sourceTree = "<group>"; };
		F4207776C9EC0D4B31D82E91 /* JobRunner.swift */ = {isa = PBXFileReference; lastKnownFileType = sourcecode.swift; path = JobRunner.swift; sourceTree = "<group>"; };
/* End PBXFileReference section */

/* Begin PBXFrameworksBuildPhase section */
		9C4284049F2422D90142F370 /* Frameworks */ = {
			isa = PBXFrameworksBuildPhase;
			buildActionMask = 2147483647;
			files = (
				FEC5097A5FFAE8DAAA7D7B3A /* Subprocess in Frameworks */,
				029D5D5DF9A3AADFEE4746E1 /* MenuBarExtraAccess in Frameworks */,
			);
			runOnlyForDeploymentPostprocessing = 0;
		};
/* End PBXFrameworksBuildPhase section */

/* Begin PBXGroup section */
		0806AFC7526447A0384BA21B /* Resources */ = {
			isa = PBXGroup;
			children = (
				7BA30793C89B86195A203C30 /* data */,
			);
			path = Resources;
			sourceTree = "<group>";
		};
		18A462662FCEF16C0D204450 /* App */ = {
			isa = PBXGroup;
			children = (
				CC7AC9EC2C343DE83DB1830A /* SojournApp.swift */,
			);
			path = App;
			sourceTree = "<group>";
		};
		1EBA80D95A728FBBF2987A09 /* Sojourn */ = {
			isa = PBXGroup;
			children = (
				18A462662FCEF16C0D204450 /* App */,
				7E4A820C2DD7097CAA0A5747 /* Models */,
				21C7E80FA257AE52360D6404 /* Persistence */,
				0806AFC7526447A0384BA21B /* Resources */,
				A85589FB5353EB5184A159B8 /* Services */,
				404D9A26341978D5165EA378 /* Store */,
				97BBF3630EA7774F06D0B51E /* Sync */,
				2832315DB68369190955BE2E /* UI */,
			);
			path = Sojourn;
			sourceTree = "<group>";
		};
		21C7E80FA257AE52360D6404 /* Persistence */ = {
			isa = PBXGroup;
			children = (
				BE87553CA8CCFF236BAD7935 /* .gitkeep */,
				95E397843E7AA4607A3DD54E /* AppSupportPaths.swift */,
				0E16DA51B87576598BAB7134 /* BackupsDirectory.swift */,
				519573B2007EA85FF61BF8F5 /* DeletionsDB.swift */,
				C454DA661BE5AA7E7BB4A276 /* SettingsStore.swift */,
				481F54F2BDF64F5380438AA6 /* SojournFileCodec.swift */,
			);
			path = Persistence;
			sourceTree = "<group>";
		};
		229A8660CAFF1E38993C29D9 /* Products */ = {
			isa = PBXGroup;
			children = (
				C40858EDF69CF14EA473AF3F /* Sojourn.app */,
				5067374206B171480C067C6A /* SojournTests.xctest */,
				BC0CD2FDD4876C335C51A7F6 /* SojournUITests.xctest */,
			);
			name = Products;
			sourceTree = "<group>";
		};
		2832315DB68369190955BE2E /* UI */ = {
			isa = PBXGroup;
			children = (
				3A48660D88C1608BF1170092 /* ContentView.swift */,
				F2BC5EEFDA029437BC3C07A9 /* Panes */,
			);
			path = UI;
			sourceTree = "<group>";
		};
		404D9A26341978D5165EA378 /* Store */ = {
			isa = PBXGroup;
			children = (
				101837DD34BDE8DB72BE4924 /* .gitkeep */,
				CA1C48BDB71227E5F1B7662A /* AppStore.swift */,
			);
			path = Store;
			sourceTree = "<group>";
		};
		5BF9F126C4990185AB0C637A /* Sync */ = {
			isa = PBXGroup;
			children = (
				27657F22347EC0CCD4B14D5C /* .gitkeep */,
			);
			path = Sync;
			sourceTree = "<group>";
		};
		7BA30793C89B86195A203C30 /* data */ = {
			isa = PBXGroup;
			children = (
				9C435BD7B934EECD35FA9373 /* applications */,
			);
			path = data;
			sourceTree = "<group>";
		};
		7E06F7AAD39986DE48F7C6C4 /* Services */ = {
			isa = PBXGroup;
			children = (
				55D844D1916BAD352E960418 /* ANSIParserTests.swift */,
				72893E315B28B7A4C2D41119 /* JobRunnerTests.swift */,
				2DD4943AD10D37C3DB9CFBC9 /* LogBufferTests.swift */,
				B8E05CAA843B5A8B62671E5E /* MPMServiceTests.swift */,
				012D1D3CEBF6D99B901ABA36 /* ServicesTests.swift */,
				D717FBA5804F28F8892BC95F /* SubprocessRunnerTests.swift */,
				3631080B96D92DFD843F72AE /* ToolLocatorTests.swift */,
			);
			path = Services;
			sourceTree = "<group>";
		};
		7E4A820C2DD7097CAA0A5747 /* Models */ = {
			isa = PBXGroup;
			children = (
				B90A0FD134A7FCFD56850E8F /* AutoUpdateTier.swift */,
				A8A0D4248D7F40715D7685E4 /* Conflict.swift */,
				85CA5EF14259B836AD6AED4E /* DotfileOwner.swift */,
				E9E64BDF45BE87A78922A385 /* HistoryEntry.swift */,
				C0814F9583EAFEE9FAF041AE /* Job.swift */,
				EDF057685B19AB3503933B08 /* MachineMetadata.swift */,
				3D1CE3F585241A7C3832E1FC /* ManagerSnapshot.swift */,
				AA82E2DC35BD66C0CCB3D31C /* OrphanCandidate.swift */,
				92FBF1A32893C79F8C24CC6D /* PreferenceDomain.swift */,
				B17DA112F156FC13EBFD8B18 /* Snapshot.swift */,
				67A4B09F86913C2562B8AD88 /* SubprocessError.swift */,
			);
			path = Models;
			sourceTree = "<group>";
		};
		97BBF3630EA7774F06D0B51E /* Sync */ = {
			isa = PBXGroup;
			children = (
				C715FB2104E0602E477DC8AF /* .gitkeep */,
			);
			path = Sync;
			sourceTree = "<group>";
		};
		9C435BD7B934EECD35FA9373 /* applications */ = {
			isa = PBXGroup;
			children = (
				EA355F6358F10594B2C15DD3 /* .gitkeep */,
			);
			path = applications;
			sourceTree = "<group>";
		};
		A85589FB5353EB5184A159B8 /* Services */ = {
			isa = PBXGroup;
			children = (
				1BDD342FB453E37289043AB0 /* ANSIParser.swift */,
				14A5F035C01184E1BF26CB2F /* BootstrapService.swift */,
				C51F95DC3AF05E699D7B7E96 /* BrewService.swift */,
				494B9E3CA3D4138CF9774417 /* ChezmoiService.swift */,
				8DED6874FE4B27207A890E6E /* GitHubDeviceAuth.swift */,
				51654B4F53BDA5905226D68E /* GitService.swift */,
				F4207776C9EC0D4B31D82E91 /* JobRunner.swift */,
				75102F527B8749FB644C0444 /* LogBuffer.swift */,
				4D35262F953E915D1F66ECD0 /* MPMService.swift */,
				8CF3E7F8591B56E1E9859A73 /* PrefService.swift */,
				07993C2265D99A08965BAA61 /* SecretScanService.swift */,
				22DFD3E375E49A6409AE3812 /* SubprocessRunner.swift */,
				5531EFE3E6A6B9815FE6AA3D /* ToolLocator.swift */,
			);
			path = Services;
			sourceTree = "<group>";
		};
		B4FF4AA89A4A5AD98E04D03A /* Persistence */ = {
			isa = PBXGroup;
			children = (
				78D3E34CEC39749CE7D6E198 /* PersistenceTests.swift */,
			);
			path = Persistence;
			sourceTree = "<group>";
		};
		E34DB116FC2DC6D41E6A6108 /* SojournTests */ = {
			isa = PBXGroup;
			children = (
				B4FF4AA89A4A5AD98E04D03A /* Persistence */,
				7E06F7AAD39986DE48F7C6C4 /* Services */,
				5BF9F126C4990185AB0C637A /* Sync */,
			);
			path = SojournTests;
			sourceTree = "<group>";
		};
		E7BED3DB067A81B0C64AE9EC /* SojournUITests */ = {
			isa = PBXGroup;
			children = (
				B10DD40CBD9A7ADFED1E94D4 /* SojournUITests.swift */,
			);
			path = SojournUITests;
			sourceTree = "<group>";
		};
		F1B336C23BC566D8FC6623BC = {
			isa = PBXGroup;
			children = (
				1EBA80D95A728FBBF2987A09 /* Sojourn */,
				E34DB116FC2DC6D41E6A6108 /* SojournTests */,
				E7BED3DB067A81B0C64AE9EC /* SojournUITests */,
				229A8660CAFF1E38993C29D9 /* Products */,
			);
			sourceTree = "<group>";
		};
		F2BC5EEFDA029437BC3C07A9 /* Panes */ = {
			isa = PBXGroup;
			children = (
				B155502B536A71BBC60866A8 /* .gitkeep */,
			);
			path = Panes;
			sourceTree = "<group>";
		};
/* End PBXGroup section */

/* Begin PBXNativeTarget section */
		336FFBA988AC531D54137038 /* SojournUITests */ = {
			isa = PBXNativeTarget;
			buildConfigurationList = D0C1628D69FE27EBB46460EC /* Build configuration list for PBXNativeTarget "SojournUITests" */;
			buildPhases = (
				D1D37EF70BFB995277458E9F /* Sources */,
			);
			buildRules = (
			);
			dependencies = (
				D6206AF8934CE78F85B004C9 /* PBXTargetDependency */,
			);
			name = SojournUITests;
			packageProductDependencies = (
			);
			productName = SojournUITests;
			productReference = BC0CD2FDD4876C335C51A7F6 /* SojournUITests.xctest */;
			productType = "com.apple.product-type.bundle.ui-testing";
		};
		7DA063196B509545940AC43B /* SojournTests */ = {
			isa = PBXNativeTarget;
			buildConfigurationList = C61FD30EEAA27CE94DB738B9 /* Build configuration list for PBXNativeTarget "SojournTests" */;
			buildPhases = (
				CF44BC5C1163836DA373ED64 /* Sources */,
			);
			buildRules = (
			);
			dependencies = (
				70C82EA66B9FA3604114CDB1 /* PBXTargetDependency */,
			);
			name = SojournTests;
			packageProductDependencies = (
			);
			productName = SojournTests;
			productReference = 5067374206B171480C067C6A /* SojournTests.xctest */;
			productType = "com.apple.product-type.bundle.unit-test";
		};
		940E88B3F1FF4F0B348B13A6 /* Sojourn */ = {
			isa = PBXNativeTarget;
			buildConfigurationList = 2D4A2A3120869E1A7EFCC9F7 /* Build configuration list for PBXNativeTarget "Sojourn" */;
			buildPhases = (
				03461247699E2EA98CD75132 /* Re-sign bundled binaries */,
				4238063442628CD3CA847C39 /* Sources */,
				9C4284049F2422D90142F370 /* Frameworks */,
			);
			buildRules = (
			);
			dependencies = (
			);
			name = Sojourn;
			packageProductDependencies = (
				39BF93AAF2A4FCFC7EBAD55E /* Subprocess */,
				B7BF6B03C13860CCD1E85526 /* MenuBarExtraAccess */,
			);
			productName = Sojourn;
			productReference = C40858EDF69CF14EA473AF3F /* Sojourn.app */;
			productType = "com.apple.product-type.application";
		};
/* End PBXNativeTarget section */

/* Begin PBXProject section */
		8859980E698820D5DE487503 /* Project object */ = {
			isa = PBXProject;
			attributes = {
				BuildIndependentTargetsInParallel = YES;
				LastUpgradeCheck = 1600;
				TargetAttributes = {
					336FFBA988AC531D54137038 = {
						DevelopmentTeam = "";
						ProvisioningStyle = Automatic;
						TestTargetID = 940E88B3F1FF4F0B348B13A6;
					};
					7DA063196B509545940AC43B = {
						DevelopmentTeam = "";
						ProvisioningStyle = Automatic;
					};
					940E88B3F1FF4F0B348B13A6 = {
						DevelopmentTeam = "";
						ProvisioningStyle = Automatic;
					};
				};
			};
			buildConfigurationList = B57B0B1BF75E6527A6968C19 /* Build configuration list for PBXProject "Sojourn" */;
			developmentRegion = en;
			hasScannedForEncodings = 0;
			knownRegions = (
				Base,
				en,
			);
			mainGroup = F1B336C23BC566D8FC6623BC;
			minimizedProjectReferenceProxies = 1;
			packageReferences = (
				6604167E2ABE1EBEEF5A47E4 /* XCRemoteSwiftPackageReference "MenuBarExtraAccess" */,
				1059625C2ECBD3457AD1FA4C /* XCRemoteSwiftPackageReference "swift-subprocess" */,
			);
			preferredProjectObjectVersion = 77;
			productRefGroup = 229A8660CAFF1E38993C29D9 /* Products */;
			projectDirPath = "";
			projectRoot = "";
			targets = (
				940E88B3F1FF4F0B348B13A6 /* Sojourn */,
				7DA063196B509545940AC43B /* SojournTests */,
				336FFBA988AC531D54137038 /* SojournUITests */,
			);
		};
/* End PBXProject section */

/* Begin PBXShellScriptBuildPhase section */
		03461247699E2EA98CD75132 /* Re-sign bundled binaries */ = {
			isa = PBXShellScriptBuildPhase;
			alwaysOutOfDate = 1;
			buildActionMask = 2147483647;
			files = (
			);
			inputFileListPaths = (
			);
			inputPaths = (
			);
			name = "Re-sign bundled binaries";
			outputFileListPaths = (
			);
			outputPaths = (
			);
			runOnlyForDeploymentPostprocessing = 0;
			shellPath = /bin/sh;
			shellScript = "# Re-sign gitleaks and age with hardened runtime\n# See docs/ARCHITECTURE.md §11 (bundled binaries)\nif [ -f \"${SRCROOT}/scripts/sign.sh\" ]; then\n  \"${SRCROOT}/scripts/sign.sh\" \"${BUILT_PRODUCTS_DIR}/${PRODUCT_NAME}.app/Contents/Resources/bin\"\nfi\n";
		};
/* End PBXShellScriptBuildPhase section */

/* Begin PBXSourcesBuildPhase section */
		4238063442628CD3CA847C39 /* Sources */ = {
			isa = PBXSourcesBuildPhase;
			buildActionMask = 2147483647;
			files = (
				2B3E1342F39ED82478E6D339 /* ANSIParser.swift in Sources */,
				9453FF999E25CAABF33361EC /* AppStore.swift in Sources */,
				735FB5111FAFC6F9433CE554 /* AppSupportPaths.swift in Sources */,
				BFB171F5BB6318C71D640141 /* AutoUpdateTier.swift in Sources */,
				B475679D0AD785BB136FC9D2 /* BackupsDirectory.swift in Sources */,
				DE03A44AB78A511EEE4CD4F1 /* BootstrapService.swift in Sources */,
				247920E87C1C4DE550730A4A /* BrewService.swift in Sources */,
				8FA89585B9D478180E588471 /* ChezmoiService.swift in Sources */,
				37441384AFE282EE64098F7F /* Conflict.swift in Sources */,
				8B48C4D2F4994607EAEC16C3 /* ContentView.swift in Sources */,
				262B5F3716E1AC7A9612369A /* DeletionsDB.swift in Sources */,
				821CF9439A3A22FDBE3106C9 /* DotfileOwner.swift in Sources */,
				13CED2766FF188E9F0C1D8A9 /* GitHubDeviceAuth.swift in Sources */,
				F6BF2FC143BC1E32029089C9 /* GitService.swift in Sources */,
				1D1E0ECF892F0FA35A6CCADF /* HistoryEntry.swift in Sources */,
				4DE366BB1A9A86717FCF2ABE /* Job.swift in Sources */,
				0ED1AAAEAADA7250AF998BA2 /* JobRunner.swift in Sources */,
				52EDC71EEB3F6B1019200816 /* LogBuffer.swift in Sources */,
				255592017CCCD69716E07DE9 /* MPMService.swift in Sources */,
				C44DB6B79B4C736DEC87106E /* MachineMetadata.swift in Sources */,
				F40C659088BA7D50CF171576 /* ManagerSnapshot.swift in Sources */,
				C63650F6F57BDB8D36CDC7E9 /* OrphanCandidate.swift in Sources */,
				96569C952E7FBF0DA8BF89A5 /* PrefService.swift in Sources */,
				7BD820423453D94C76D6AC14 /* PreferenceDomain.swift in Sources */,
				AE7C259E9B5D4CE6322916C8 /* SecretScanService.swift in Sources */,
				752719910F7FCAAC7519C880 /* SettingsStore.swift in Sources */,
				1D1AFC6E3F699596754D80BE /* Snapshot.swift in Sources */,
				4A5F2856940C55ECD4D50CCC /* SojournApp.swift in Sources */,
				261BEFF3AAF79386E014FBD9 /* SojournFileCodec.swift in Sources */,
				84ED767DF156511C5A5411CD /* SubprocessError.swift in Sources */,
				96F5B9D644CDA14A4F97D25B /* SubprocessRunner.swift in Sources */,
				09E0C0FA877B857BB17F524D /* ToolLocator.swift in Sources */,
			);
			runOnlyForDeploymentPostprocessing = 0;
		};
		CF44BC5C1163836DA373ED64 /* Sources */ = {
			isa = PBXSourcesBuildPhase;
			buildActionMask = 2147483647;
			files = (
				AF41D0A179C38D3AFA59E55A /* ANSIParserTests.swift in Sources */,
				E50919FD33E2914DF758D069 /* JobRunnerTests.swift in Sources */,
				6AC8674D8D977F7C108ADF81 /* LogBufferTests.swift in Sources */,
				1BC9B5A4FF2718D84D76DD36 /* MPMServiceTests.swift in Sources */,
				DEC7987D1C49E0302153500B /* PersistenceTests.swift in Sources */,
				ABF59B843BD9670834DF9AB3 /* ServicesTests.swift in Sources */,
				508C867592BF7AA7D2D54400 /* SubprocessRunnerTests.swift in Sources */,
				C6E76168AC77E5F2B66C1A00 /* ToolLocatorTests.swift in Sources */,
			);
			runOnlyForDeploymentPostprocessing = 0;
		};
		D1D37EF70BFB995277458E9F /* Sources */ = {
			isa = PBXSourcesBuildPhase;
			buildActionMask = 2147483647;
			files = (
				5B90DE31FC7F4180A0AF34B8 /* SojournUITests.swift in Sources */,
			);
			runOnlyForDeploymentPostprocessing = 0;
		};
/* End PBXSourcesBuildPhase section */

/* Begin PBXTargetDependency section */
		70C82EA66B9FA3604114CDB1 /* PBXTargetDependency */ = {
			isa = PBXTargetDependency;
			target = 940E88B3F1FF4F0B348B13A6 /* Sojourn */;
			targetProxy = AA1E9A8F51EBDF161899C416 /* PBXContainerItemProxy */;
		};
		D6206AF8934CE78F85B004C9 /* PBXTargetDependency */ = {
			isa = PBXTargetDependency;
			target = 940E88B3F1FF4F0B348B13A6 /* Sojourn */;
			targetProxy = 8D8FDEE0D8BB2633AC860015 /* PBXContainerItemProxy */;
		};
/* End PBXTargetDependency section */

/* Begin XCBuildConfiguration section */
		00911198A434F6B629857350 /* Release */ = {
			isa = XCBuildConfiguration;
			buildSettings = {
				BUNDLE_LOADER = "$(TEST_HOST)";
				COMBINE_HIDPI_IMAGES = YES;
				GENERATE_INFOPLIST_FILE = YES;
				LD_RUNPATH_SEARCH_PATHS = (
					"$(inherited)",
					"@executable_path/Frameworks",
					"@loader_path/Frameworks",
				);
				PRODUCT_BUNDLE_IDENTIFIER = app.bizarre.sojourn.uitests;
				SDKROOT = macosx;
				SWIFT_EMIT_LOC_STRINGS = NO;
				TEST_TARGET_NAME = Sojourn;
			};
			name = Release;
		};
		0E9E4FFE30874D4F1DA58569 /* Debug */ = {
			isa = XCBuildConfiguration;
			buildSettings = {
				ALWAYS_SEARCH_USER_PATHS = NO;
				ASSETCATALOG_COMPILER_APPICON_NAME = AppIcon;
				ASSETCATALOG_COMPILER_GLOBAL_ACCENT_COLOR_NAME = AccentColor;
				CLANG_ANALYZER_NONNULL = YES;
				CLANG_ANALYZER_NUMBER_OBJECT_CONVERSION = YES_AGGRESSIVE;
				CLANG_CXX_LANGUAGE_STANDARD = "gnu++14";
				CLANG_CXX_LIBRARY = "libc++";
				CLANG_ENABLE_MODULES = YES;
				CLANG_ENABLE_OBJC_ARC = YES;
				CLANG_ENABLE_OBJC_WEAK = YES;
				CLANG_WARN_BLOCK_CAPTURE_AUTORELEASING = YES;
				CLANG_WARN_BOOL_CONVERSION = YES;
				CLANG_WARN_COMMA = YES;
				CLANG_WARN_CONSTANT_CONVERSION = YES;
				CLANG_WARN_DEPRECATED_OBJC_IMPLEMENTATIONS = YES;
				CLANG_WARN_DIRECT_OBJC_ISA_USAGE = YES_ERROR;
				CLANG_WARN_DOCUMENTATION_COMMENTS = YES;
				CLANG_WARN_EMPTY_BODY = YES;
				CLANG_WARN_ENUM_CONVERSION = YES;
				CLANG_WARN_INFINITE_RECURSION = YES;
				CLANG_WARN_INT_CONVERSION = YES;
				CLANG_WARN_NON_LITERAL_NULL_CONVERSION = YES;
				CLANG_WARN_OBJC_IMPLICIT_RETAIN_SELF = YES;
				CLANG_WARN_OBJC_LITERAL_CONVERSION = YES;
				CLANG_WARN_OBJC_ROOT_CLASS = YES_ERROR;
				CLANG_WARN_QUOTED_INCLUDE_IN_FRAMEWORK_HEADER = YES;
				CLANG_WARN_RANGE_LOOP_ANALYSIS = YES;
				CLANG_WARN_STRICT_PROTOTYPES = YES;
				CLANG_WARN_SUSPICIOUS_MOVE = YES;
				CLANG_WARN_UNGUARDED_AVAILABILITY = YES_AGGRESSIVE;
				CLANG_WARN_UNREACHABLE_CODE = YES;
				CLANG_WARN__DUPLICATE_METHOD_MATCH = YES;
				CODE_SIGN_STYLE = Automatic;
				COPY_PHASE_STRIP = NO;
				DEBUG_INFORMATION_FORMAT = dwarf;
				DEVELOPMENT_TEAM = "";
				ENABLE_HARDENED_RUNTIME = YES;
				ENABLE_STRICT_OBJC_MSGSEND = YES;
				ENABLE_TESTABILITY = YES;
				GCC_C_LANGUAGE_STANDARD = gnu11;
				GCC_DYNAMIC_NO_PIC = NO;
				GCC_NO_COMMON_BLOCKS = YES;
				GCC_OPTIMIZATION_LEVEL = 0;
				GCC_PREPROCESSOR_DEFINITIONS = (
					"$(inherited)",
					"DEBUG=1",
				);
				GCC_WARN_64_TO_32_BIT_CONVERSION = YES;
				GCC_WARN_ABOUT_RETURN_TYPE = YES_ERROR;
				GCC_WARN_UNDECLARED_SELECTOR = YES;
				GCC_WARN_UNINITIALIZED_AUTOS = YES_AGGRESSIVE;
				GCC_WARN_UNUSED_FUNCTION = YES;
				GCC_WARN_UNUSED_VARIABLE = YES;
				MACOSX_DEPLOYMENT_TARGET = 14.0;
				MTL_ENABLE_DEBUG_INFO = INCLUDE_SOURCE;
				MTL_FAST_MATH = YES;
				ONLY_ACTIVE_ARCH = YES;
				PRODUCT_NAME = "$(TARGET_NAME)";
				SDKROOT = macosx;
				SWIFT_ACTIVE_COMPILATION_CONDITIONS = DEBUG;
				SWIFT_OPTIMIZATION_LEVEL = "-Onone";
				SWIFT_STRICT_CONCURRENCY = complete;
				SWIFT_UPCOMING_FEATURE_EXISTENTIAL_ANY = YES;
				SWIFT_UPCOMING_FEATURE_INTERNAL_IMPORTS_BY_DEFAULT = YES;
				SWIFT_VERSION = 6.1;
			};
			name = Debug;
		};
		5CC4F7F4C027C06BA4EB3D29 /* Debug */ = {
			isa = XCBuildConfiguration;
			buildSettings = {
				ASSETCATALOG_COMPILER_APPICON_NAME = AppIcon;
				CODE_SIGN_ENTITLEMENTS = Sojourn/Sojourn.entitlements;
				COMBINE_HIDPI_IMAGES = YES;
				CURRENT_PROJECT_VERSION = 1;
				ENABLE_USER_SCRIPT_SANDBOXING = NO;
				GENERATE_INFOPLIST_FILE = NO;
				INFOPLIST_FILE = Sojourn/Info.plist;
				LD_RUNPATH_SEARCH_PATHS = (
					"$(inherited)",
					"@executable_path/../Frameworks",
				);
				MARKETING_VERSION = 0.1.0;
				PRODUCT_BUNDLE_IDENTIFIER = app.bizarre.sojourn;
				PRODUCT_NAME = Sojourn;
				SDKROOT = macosx;
				SWIFT_EMIT_LOC_STRINGS = YES;
				xcconfig = Sojourn/Config/Debug.xcconfig;
			};
			name = Debug;
		};
		6F4A34E7C7C687FAC3FB85DA /* Release */ = {
			isa = XCBuildConfiguration;
			buildSettings = {
				BUNDLE_LOADER = "$(TEST_HOST)";
				COMBINE_HIDPI_IMAGES = YES;
				GENERATE_INFOPLIST_FILE = YES;
				LD_RUNPATH_SEARCH_PATHS = (
					"$(inherited)",
					"@executable_path/../Frameworks",
					"@loader_path/../Frameworks",
				);
				PRODUCT_BUNDLE_IDENTIFIER = app.bizarre.sojourn.tests;
				SDKROOT = macosx;
				SWIFT_EMIT_LOC_STRINGS = NO;
				TEST_HOST = "$(BUILT_PRODUCTS_DIR)/Sojourn.app/Contents/MacOS/Sojourn";
			};
			name = Release;
		};
		735CDFFBC5E8C059EACD4295 /* Release */ = {
			isa = XCBuildConfiguration;
			buildSettings = {
				ASSETCATALOG_COMPILER_APPICON_NAME = AppIcon;
				CODE_SIGN_ENTITLEMENTS = Sojourn/Sojourn.entitlements;
				COMBINE_HIDPI_IMAGES = YES;
				CURRENT_PROJECT_VERSION = 1;
				ENABLE_USER_SCRIPT_SANDBOXING = NO;
				GENERATE_INFOPLIST_FILE = NO;
				INFOPLIST_FILE = Sojourn/Info.plist;
				LD_RUNPATH_SEARCH_PATHS = (
					"$(inherited)",
					"@executable_path/../Frameworks",
				);
				MARKETING_VERSION = 0.1.0;
				PRODUCT_BUNDLE_IDENTIFIER = app.bizarre.sojourn;
				PRODUCT_NAME = Sojourn;
				SDKROOT = macosx;
				SWIFT_EMIT_LOC_STRINGS = YES;
				xcconfig = Sojourn/Config/Release.xcconfig;
			};
			name = Release;
		};
		B0212FD4523A6328DF7D5A92 /* Debug */ = {
			isa = XCBuildConfiguration;
			buildSettings = {
				BUNDLE_LOADER = "$(TEST_HOST)";
				COMBINE_HIDPI_IMAGES = YES;
				GENERATE_INFOPLIST_FILE = YES;
				LD_RUNPATH_SEARCH_PATHS = (
					"$(inherited)",
					"@executable_path/../Frameworks",
					"@loader_path/../Frameworks",
				);
				PRODUCT_BUNDLE_IDENTIFIER = app.bizarre.sojourn.tests;
				SDKROOT = macosx;
				SWIFT_EMIT_LOC_STRINGS = NO;
				TEST_HOST = "$(BUILT_PRODUCTS_DIR)/Sojourn.app/Contents/MacOS/Sojourn";
			};
			name = Debug;
		};
		B2154E54E77BEC3B737B2F02 /* Debug */ = {
			isa = XCBuildConfiguration;
			buildSettings = {
				BUNDLE_LOADER = "$(TEST_HOST)";
				COMBINE_HIDPI_IMAGES = YES;
				GENERATE_INFOPLIST_FILE = YES;
				LD_RUNPATH_SEARCH_PATHS = (
					"$(inherited)",
					"@executable_path/Frameworks",
					"@loader_path/Frameworks",
				);
				PRODUCT_BUNDLE_IDENTIFIER = app.bizarre.sojourn.uitests;
				SDKROOT = macosx;
				SWIFT_EMIT_LOC_STRINGS = NO;
				TEST_TARGET_NAME = Sojourn;
			};
			name = Debug;
		};
		BF3A7C66B8AE7137C7DC38D6 /* Release */ = {
			isa = XCBuildConfiguration;
			buildSettings = {
				ALWAYS_SEARCH_USER_PATHS = NO;
				ASSETCATALOG_COMPILER_APPICON_NAME = AppIcon;
				ASSETCATALOG_COMPILER_GLOBAL_ACCENT_COLOR_NAME = AccentColor;
				CLANG_ANALYZER_NONNULL = YES;
				CLANG_ANALYZER_NUMBER_OBJECT_CONVERSION = YES_AGGRESSIVE;
				CLANG_CXX_LANGUAGE_STANDARD = "gnu++14";
				CLANG_CXX_LIBRARY = "libc++";
				CLANG_ENABLE_MODULES = YES;
				CLANG_ENABLE_OBJC_ARC = YES;
				CLANG_ENABLE_OBJC_WEAK = YES;
				CLANG_WARN_BLOCK_CAPTURE_AUTORELEASING = YES;
				CLANG_WARN_BOOL_CONVERSION = YES;
				CLANG_WARN_COMMA = YES;
				CLANG_WARN_CONSTANT_CONVERSION = YES;
				CLANG_WARN_DEPRECATED_OBJC_IMPLEMENTATIONS = YES;
				CLANG_WARN_DIRECT_OBJC_ISA_USAGE = YES_ERROR;
				CLANG_WARN_DOCUMENTATION_COMMENTS = YES;
				CLANG_WARN_EMPTY_BODY = YES;
				CLANG_WARN_ENUM_CONVERSION = YES;
				CLANG_WARN_INFINITE_RECURSION = YES;
				CLANG_WARN_INT_CONVERSION = YES;
				CLANG_WARN_NON_LITERAL_NULL_CONVERSION = YES;
				CLANG_WARN_OBJC_IMPLICIT_RETAIN_SELF = YES;
				CLANG_WARN_OBJC_LITERAL_CONVERSION = YES;
				CLANG_WARN_OBJC_ROOT_CLASS = YES_ERROR;
				CLANG_WARN_QUOTED_INCLUDE_IN_FRAMEWORK_HEADER = YES;
				CLANG_WARN_RANGE_LOOP_ANALYSIS = YES;
				CLANG_WARN_STRICT_PROTOTYPES = YES;
				CLANG_WARN_SUSPICIOUS_MOVE = YES;
				CLANG_WARN_UNGUARDED_AVAILABILITY = YES_AGGRESSIVE;
				CLANG_WARN_UNREACHABLE_CODE = YES;
				CLANG_WARN__DUPLICATE_METHOD_MATCH = YES;
				CODE_SIGN_STYLE = Automatic;
				COPY_PHASE_STRIP = NO;
				DEBUG_INFORMATION_FORMAT = "dwarf-with-dsym";
				DEVELOPMENT_TEAM = "";
				ENABLE_HARDENED_RUNTIME = YES;
				ENABLE_NS_ASSERTIONS = NO;
				ENABLE_STRICT_OBJC_MSGSEND = YES;
				GCC_C_LANGUAGE_STANDARD = gnu11;
				GCC_NO_COMMON_BLOCKS = YES;
				GCC_WARN_64_TO_32_BIT_CONVERSION = YES;
				GCC_WARN_ABOUT_RETURN_TYPE = YES_ERROR;
				GCC_WARN_UNDECLARED_SELECTOR = YES;
				GCC_WARN_UNINITIALIZED_AUTOS = YES_AGGRESSIVE;
				GCC_WARN_UNUSED_FUNCTION = YES;
				GCC_WARN_UNUSED_VARIABLE = YES;
				MACOSX_DEPLOYMENT_TARGET = 14.0;
				MTL_ENABLE_DEBUG_INFO = NO;
				MTL_FAST_MATH = YES;
				PRODUCT_NAME = "$(TARGET_NAME)";
				SDKROOT = macosx;
				SWIFT_COMPILATION_MODE = wholemodule;
				SWIFT_OPTIMIZATION_LEVEL = "-O";
				SWIFT_STRICT_CONCURRENCY = complete;
				SWIFT_UPCOMING_FEATURE_EXISTENTIAL_ANY = YES;
				SWIFT_UPCOMING_FEATURE_INTERNAL_IMPORTS_BY_DEFAULT = YES;
				SWIFT_VERSION = 6.1;
			};
			name = Release;
		};
/* End XCBuildConfiguration section */

/* Begin XCConfigurationList section */
		2D4A2A3120869E1A7EFCC9F7 /* Build configuration list for PBXNativeTarget "Sojourn" */ = {
			isa = XCConfigurationList;
			buildConfigurations = (
				5CC4F7F4C027C06BA4EB3D29 /* Debug */,
				735CDFFBC5E8C059EACD4295 /* Release */,
			);
			defaultConfigurationIsVisible = 0;
			defaultConfigurationName = Debug;
		};
		B57B0B1BF75E6527A6968C19 /* Build configuration list for PBXProject "Sojourn" */ = {
			isa = XCConfigurationList;
			buildConfigurations = (
				0E9E4FFE30874D4F1DA58569 /* Debug */,
				BF3A7C66B8AE7137C7DC38D6 /* Release */,
			);
			defaultConfigurationIsVisible = 0;
			defaultConfigurationName = Debug;
		};
		C61FD30EEAA27CE94DB738B9 /* Build configuration list for PBXNativeTarget "SojournTests" */ = {
			isa = XCConfigurationList;
			buildConfigurations = (
				B0212FD4523A6328DF7D5A92 /* Debug */,
				6F4A34E7C7C687FAC3FB85DA /* Release */,
			);
			defaultConfigurationIsVisible = 0;
			defaultConfigurationName = Debug;
		};
		D0C1628D69FE27EBB46460EC /* Build configuration list for PBXNativeTarget "SojournUITests" */ = {
			isa = XCConfigurationList;
			buildConfigurations = (
				B2154E54E77BEC3B737B2F02 /* Debug */,
				00911198A434F6B629857350 /* Release */,
			);
			defaultConfigurationIsVisible = 0;
			defaultConfigurationName = Debug;
		};
/* End XCConfigurationList section */

/* Begin XCRemoteSwiftPackageReference section */
		1059625C2ECBD3457AD1FA4C /* XCRemoteSwiftPackageReference "swift-subprocess" */ = {
			isa = XCRemoteSwiftPackageReference;
			repositoryURL = "https://github.com/swiftlang/swift-subprocess.git";
			requirement = {
				kind = upToNextMinorVersion;
				minimumVersion = 0.4.0;
			};
		};
		6604167E2ABE1EBEEF5A47E4 /* XCRemoteSwiftPackageReference "MenuBarExtraAccess" */ = {
			isa = XCRemoteSwiftPackageReference;
			repositoryURL = "https://github.com/orchetect/MenuBarExtraAccess.git";
			requirement = {
				kind = upToNextMinorVersion;
				minimumVersion = 1.3.0;
			};
		};
/* End XCRemoteSwiftPackageReference section */

/* Begin XCSwiftPackageProductDependency section */
		39BF93AAF2A4FCFC7EBAD55E /* Subprocess */ = {
			isa = XCSwiftPackageProductDependency;
			package = 1059625C2ECBD3457AD1FA4C /* XCRemoteSwiftPackageReference "swift-subprocess" */;
			productName = Subprocess;
		};
		B7BF6B03C13860CCD1E85526 /* MenuBarExtraAccess */ = {
			isa = XCSwiftPackageProductDependency;
			package = 6604167E2ABE1EBEEF5A47E4 /* XCRemoteSwiftPackageReference "MenuBarExtraAccess" */;
			productName = MenuBarExtraAccess;
		};
/* End XCSwiftPackageProductDependency section */
	};
	rootObject = 8859980E698820D5DE487503 /* Project object */;
}
