// !$*UTF8*$!
{
	archiveVersion = 1;
	classes = {
	};
	objectVersion = 77;
	objects = {

/* Begin PBXBuildFile section */
		00A969D442931F5B06432881 /* BackgroundActivity.swift in Sources */ = {isa = PBXBuildFile; fileRef = B5540A13628D2CEAF0961029 /* BackgroundActivity.swift */; };
		029D5D5DF9A3AADFEE4746E1 /* MenuBarExtraAccess in Frameworks */ = {isa = PBXBuildFile; productRef = B7BF6B03C13860CCD1E85526 /* MenuBarExtraAccess */; };
		02A2099413A379DC3F048016 /* BundledResourceLocator.swift in Sources */ = {isa = PBXBuildFile; fileRef = E6F0178D0AC4C6DD068C321E /* BundledResourceLocator.swift */; };
		0525C3C48DB06953B174E5E1 /* Font+Sojourn.swift in Sources */ = {isa = PBXBuildFile; fileRef = 6534B3DB0424AE8E3E280F03 /* Font+Sojourn.swift */; };
		09E0C0FA877B857BB17F524D /* ToolLocator.swift in Sources */ = {isa = PBXBuildFile; fileRef = 5531EFE3E6A6B9815FE6AA3D /* ToolLocator.swift */; };
		0D148516CCF22EFBD2934A6C /* Sidebar.swift in Sources */ = {isa = PBXBuildFile; fileRef = EC1E1DC7914BD10A9F64131C /* Sidebar.swift */; };
		0E792AE4E8E5115DA09570DA /* ToolInstaller.swift in Sources */ = {isa = PBXBuildFile; fileRef = 4A54E029B5D676EBB2312038 /* ToolInstaller.swift */; };
		0ED1AAAEAADA7250AF998BA2 /* JobRunner.swift in Sources */ = {isa = PBXBuildFile; fileRef = F4207776C9EC0D4B31D82E91 /* JobRunner.swift */; };
		13CED2766FF188E9F0C1D8A9 /* GitHubDeviceAuth.swift in Sources */ = {isa = PBXBuildFile; fileRef = 8DED6874FE4B27207A890E6E /* GitHubDeviceAuth.swift */; };
		14AC4C6C18F2127EE503F9B6 /* Fonts in Resources */ = {isa = PBXBuildFile; fileRef = 6E6EE61BCBB43941CBEF30F4 /* Fonts */; };
		179261F6F3193B0C6BEFA5DA /* SyncPane.swift in Sources */ = {isa = PBXBuildFile; fileRef = 22AD4B1C7B6A1407A58F651A /* SyncPane.swift */; };
		17DFB6CB02C6706A383753FC /* ContainersService.swift in Sources */ = {isa = PBXBuildFile; fileRef = AAB806B3F130A1371E112DC8 /* ContainersService.swift */; };
		19015140F1CC02CD00D3BFF8 /* AdvisoriesPane.swift in Sources */ = {isa = PBXBuildFile; fileRef = 7B75E2CD72BA992F32BCEB9C /* AdvisoriesPane.swift */; };
		191866534A9570E447AEA969 /* MacOSFeaturesService.swift in Sources */ = {isa = PBXBuildFile; fileRef = BF0F7E5B022F32A9CF6BF028 /* MacOSFeaturesService.swift */; };
		19ED9BB99FD79A3F00DE09A4 /* SyncCoordinator.swift in Sources */ = {isa = PBXBuildFile; fileRef = 197100C16F14E6EF4B75D6E3 /* SyncCoordinator.swift */; };
		1AC66B55A03741440AA97840 /* MasExecutableValidator.swift in Sources */ = {isa = PBXBuildFile; fileRef = 281D14573DB2FA7953B5A7BD /* MasExecutableValidator.swift */; };
		1B511F22B7852AF15BAE3CE2 /* Bundle+Fixtures.swift in Sources */ = {isa = PBXBuildFile; fileRef = A64D32536414511C9E9911C6 /* Bundle+Fixtures.swift */; };
		1D1AFC6E3F699596754D80BE /* Snapshot.swift in Sources */ = {isa = PBXBuildFile; fileRef = B17DA112F156FC13EBFD8B18 /* Snapshot.swift */; };
		1D1E0ECF892F0FA35A6CCADF /* HistoryEntry.swift in Sources */ = {isa = PBXBuildFile; fileRef = E9E64BDF45BE87A78922A385 /* HistoryEntry.swift */; };
		238667233329CC95B7AA7686 /* SettingsScene.swift in Sources */ = {isa = PBXBuildFile; fileRef = 6759066E988970C0FDB44D7E /* SettingsScene.swift */; };
		247920E87C1C4DE550730A4A /* BrewService.swift in Sources */ = {isa = PBXBuildFile; fileRef = C51F95DC3AF05E699D7B7E96 /* BrewService.swift */; };
		249227C9D716AEFAE9F37265 /* ConflictResolverTests.swift in Sources */ = {isa = PBXBuildFile; fileRef = CCD94D5F35C89F85DA2CEC8B /* ConflictResolverTests.swift */; };
		25EB7D923435FBC4FFE63FC7 /* BootstrapServiceMasInstallTests.swift in Sources */ = {isa = PBXBuildFile; fileRef = 8850C6C49AE8C25A8188705F /* BootstrapServiceMasInstallTests.swift */; };
		261BEFF3AAF79386E014FBD9 /* SojournFileCodec.swift in Sources */ = {isa = PBXBuildFile; fileRef = 481F54F2BDF64F5380438AA6 /* SojournFileCodec.swift */; };
		262B5F3716E1AC7A9612369A /* DeletionsDB.swift in Sources */ = {isa = PBXBuildFile; fileRef = 519573B2007EA85FF61BF8F5 /* DeletionsDB.swift */; };
		2A8DAE1EF876120D899253E7 /* LiquidGlass.swift in Sources */ = {isa = PBXBuildFile; fileRef = 9379A483ED7A08C15144F74B /* LiquidGlass.swift */; };
		2AAEE78D2F3B8A48BFA7B6AA /* SojournLog.swift in Sources */ = {isa = PBXBuildFile; fileRef = D6059260CDDBEFAD1D8B25EE /* SojournLog.swift */; };
		2B3E1342F39ED82478E6D339 /* ANSIParser.swift in Sources */ = {isa = PBXBuildFile; fileRef = 1BDD342FB453E37289043AB0 /* ANSIParser.swift */; };
		2CDD05A9671A6816D898F30D /* HistoryPane.swift in Sources */ = {isa = PBXBuildFile; fileRef = CA4F5ED6020A23F564C5E5AD /* HistoryPane.swift */; };
		334C86762DE50C1AAA887944 /* Redactor.swift in Sources */ = {isa = PBXBuildFile; fileRef = 3A05293DDD6F76E28F023833 /* Redactor.swift */; };
		33A0D8F52C71675A0C748F02 /* AdvisoryService.swift in Sources */ = {isa = PBXBuildFile; fileRef = 8884B2AE7CA5668066930F1F /* AdvisoryService.swift */; };
		3459760BF114763DEA982DC3 /* RedactorTests.swift in Sources */ = {isa = PBXBuildFile; fileRef = 26AC85D34AC1D8A31E0EC1C3 /* RedactorTests.swift */; };
		368EF18A0521C70C0CFA7796 /* MachinesPane.swift in Sources */ = {isa = PBXBuildFile; fileRef = A32D3727C5D946D5B3FF0878 /* MachinesPane.swift */; };
		37441384AFE282EE64098F7F /* Conflict.swift in Sources */ = {isa = PBXBuildFile; fileRef = A8A0D4248D7F40715D7685E4 /* Conflict.swift */; };
		3940C3367832563077AA2786 /* CycloneDX.swift in Sources */ = {isa = PBXBuildFile; fileRef = 46A3581F13A50DB09A6F343F /* CycloneDX.swift */; };
		3DC302B761053F66DD082972 /* SnapshotService.swift in Sources */ = {isa = PBXBuildFile; fileRef = A6DC18B5D24857B171B10510 /* SnapshotService.swift */; };
		3FE854E2818C457EBFE8E369 /* CooldownPolicy.swift in Sources */ = {isa = PBXBuildFile; fileRef = 0BADEBA10CB6637299E6E07E /* CooldownPolicy.swift */; };
		46C9573E46A6D56C4EBE855D /* KeychainBroker.swift in Sources */ = {isa = PBXBuildFile; fileRef = 51D4324400DB044163B9E9C9 /* KeychainBroker.swift */; };
		49A81F046E48A7BBAB1382E9 /* BrewBundleServiceTests.swift in Sources */ = {isa = PBXBuildFile; fileRef = 789996000891BE42FD7BD49C /* BrewBundleServiceTests.swift */; };
		4A5F2856940C55ECD4D50CCC /* SojournApp.swift in Sources */ = {isa = PBXBuildFile; fileRef = CC7AC9EC2C343DE83DB1830A /* SojournApp.swift */; };
		4AB1BACFB2400962D5F880A7 /* AgeBroker.swift in Sources */ = {isa = PBXBuildFile; fileRef = EDA4FD795AD7787A7A6C0461 /* AgeBroker.swift */; };
		4B4A8ADACF22F71ED24B76A2 /* GenerationService.swift in Sources */ = {isa = PBXBuildFile; fileRef = 887AAF2686F9A376CC67B150 /* GenerationService.swift */; };
		4BAE706F0368C1E47768E36C /* MasHelperClientTests.swift in Sources */ = {isa = PBXBuildFile; fileRef = AD38BF30D6CBEB4EFF1A4FD7 /* MasHelperClientTests.swift */; };
		4DE366BB1A9A86717FCF2ABE /* Job.swift in Sources */ = {isa = PBXBuildFile; fileRef = C0814F9583EAFEE9FAF041AE /* Job.swift */; };
		508C867592BF7AA7D2D54400 /* SubprocessRunnerTests.swift in Sources */ = {isa = PBXBuildFile; fileRef = D717FBA5804F28F8892BC95F /* SubprocessRunnerTests.swift */; };
		51FFB7477224BF2F58CFB77E /* CleanupPane.swift in Sources */ = {isa = PBXBuildFile; fileRef = 917C3CA7A3B22318CCEC81F1 /* CleanupPane.swift */; };
		527CE4A5051F3BDD51B486E4 /* DotfilesPane.swift in Sources */ = {isa = PBXBuildFile; fileRef = 4B4C7A81F96BAD6A1DB0EAA0 /* DotfilesPane.swift */; };
		52EDC71EEB3F6B1019200816 /* LogBuffer.swift in Sources */ = {isa = PBXBuildFile; fileRef = 75102F527B8749FB644C0444 /* LogBuffer.swift */; };
		54BFA029AD66E7C96A082952 /* SparkleService.swift in Sources */ = {isa = PBXBuildFile; fileRef = 42E2ABBD80A9964361A8688C /* SparkleService.swift */; };
		5637BD907CE29C5CEA91B8EB /* OnboardPane.swift in Sources */ = {isa = PBXBuildFile; fileRef = 382E9466BCD14C7A5C4CA0A7 /* OnboardPane.swift */; };
		566B9302B5EF701E96BC9450 /* HistoryDBTests.swift in Sources */ = {isa = PBXBuildFile; fileRef = 22514EEE2D61221B194F8C5F /* HistoryDBTests.swift */; };
		592812DD4D79A19E29AE9854 /* HistoryDB.swift in Sources */ = {isa = PBXBuildFile; fileRef = 277FC75194E246A84AB1A2A9 /* HistoryDB.swift */; };
		5B90DE31FC7F4180A0AF34B8 /* SojournUITests.swift in Sources */ = {isa = PBXBuildFile; fileRef = B10DD40CBD9A7ADFED1E94D4 /* SojournUITests.swift */; };
		5E34B40CBCF540DA3F3A74FF /* DiagnosticsPane.swift in Sources */ = {isa = PBXBuildFile; fileRef = 5F73FECB65986451C136A8A2 /* DiagnosticsPane.swift */; };
		611FBB090546801CDE52B8A7 /* MasHelperProtocol.swift in Sources */ = {isa = PBXBuildFile; fileRef = EB4FE8184AADB56514189B5D /* MasHelperProtocol.swift */; };
		6AC8674D8D977F7C108ADF81 /* LogBufferTests.swift in Sources */ = {isa = PBXBuildFile; fileRef = 2DD4943AD10D37C3DB9CFBC9 /* LogBufferTests.swift */; };
		70AEDCB3E9609070650F669A /* CleanupServiceTests.swift in Sources */ = {isa = PBXBuildFile; fileRef = A36CD6BB083EBA6FA642F71F /* CleanupServiceTests.swift */; };
		7306D135492D8656BD304B68 /* PreferencesPane.swift in Sources */ = {isa = PBXBuildFile; fileRef = DC453885D2E108F361A7299D /* PreferencesPane.swift */; };
		735FB5111FAFC6F9433CE554 /* AppSupportPaths.swift in Sources */ = {isa = PBXBuildFile; fileRef = 95E397843E7AA4607A3DD54E /* AppSupportPaths.swift */; };
		739CFE8BD8A15E3E95B5B376 /* KeychainBrokerTests.swift in Sources */ = {isa = PBXBuildFile; fileRef = 6351478579F8219B376DB5F7 /* KeychainBrokerTests.swift */; };
		752719910F7FCAAC7519C880 /* SettingsStore.swift in Sources */ = {isa = PBXBuildFile; fileRef = C454DA661BE5AA7E7BB4A276 /* SettingsStore.swift */; };
		76C4D229315D3F731D5DC12F /* Assets.xcassets in Resources */ = {isa = PBXBuildFile; fileRef = 2A4824F5864A9EC3B55E6600 /* Assets.xcassets */; };
		781CC93FC10184CD1BA3927E /* BootstrapCoordinator.swift in Sources */ = {isa = PBXBuildFile; fileRef = 94CB225DC00C02FB0F4068D9 /* BootstrapCoordinator.swift */; };
		785080844222D2999E6B8F09 /* preference-domains.json in Resources */ = {isa = PBXBuildFile; fileRef = 9EA4AA76436DC69BBF10668F /* preference-domains.json */; };
		7929541C3C9A0747B00C0B82 /* Atoms.swift in Sources */ = {isa = PBXBuildFile; fileRef = C5BE1F259CD0D1BD30DA7DE1 /* Atoms.swift */; };
		7B98835FDA9E4A886C5F474B /* Modals.swift in Sources */ = {isa = PBXBuildFile; fileRef = B0A7A91337334537033977DB /* Modals.swift */; };
		7BD820423453D94C76D6AC14 /* PreferenceDomain.swift in Sources */ = {isa = PBXBuildFile; fileRef = 92FBF1A32893C79F8C24CC6D /* PreferenceDomain.swift */; };
		7D12230599E03128063CB41D /* SecretBroker.swift in Sources */ = {isa = PBXBuildFile; fileRef = 5217EB2276E28CBD960CFE45 /* SecretBroker.swift */; };
		7DC5BAB597CF4ECE62CDE01C /* ToolProbe.swift in Sources */ = {isa = PBXBuildFile; fileRef = 2A07B987FC38D4FE488E8704 /* ToolProbe.swift */; };
		7EB4436F77BF9F391CF0C28D /* Sparkle in Frameworks */ = {isa = PBXBuildFile; productRef = 6D20408C069D9385AE80FE87 /* Sparkle */; };
		7F35922412987A6980939F44 /* StateDB.swift in Sources */ = {isa = PBXBuildFile; fileRef = 4F811FB480E52C17173F18BE /* StateDB.swift */; };
		7F38908B3151F7AD0E7D1868 /* PackageInventoryRow.swift in Sources */ = {isa = PBXBuildFile; fileRef = 322525F6BFB0AE5CD82D448E /* PackageInventoryRow.swift */; };
		7F4A4A10C94FD64082D138E3 /* AdvisoryReference.swift in Sources */ = {isa = PBXBuildFile; fileRef = BB1FBD91A2515C0261DD4EFF /* AdvisoryReference.swift */; };
		80AA65AC31C8757820AAFDE3 /* Fixtures in Resources */ = {isa = PBXBuildFile; fileRef = F6B2E4CDB667C8A900D0EC01 /* Fixtures */; };
		821CF9439A3A22FDBE3106C9 /* DotfileOwner.swift in Sources */ = {isa = PBXBuildFile; fileRef = 85CA5EF14259B836AD6AED4E /* DotfileOwner.swift */; };
		823B02AD39D276B7611D93C9 /* CooldownGate.swift in Sources */ = {isa = PBXBuildFile; fileRef = D8327B5FB7E53D45F11AC2FE /* CooldownGate.swift */; };
		82E2BD848C18FE0B35BA6483 /* SyncTests.swift in Sources */ = {isa = PBXBuildFile; fileRef = 7FD1B4AC2223DF98A4D4AF30 /* SyncTests.swift */; };
		84ED767DF156511C5A5411CD /* SubprocessError.swift in Sources */ = {isa = PBXBuildFile; fileRef = 67A4B09F86913C2562B8AD88 /* SubprocessError.swift */; };
		85BADF9EB318C9F3BD3588AE /* JobRunnerTimeoutPolicyTests.swift in Sources */ = {isa = PBXBuildFile; fileRef = 1635E82D1CC28DB81B7AB96E /* JobRunnerTimeoutPolicyTests.swift */; };
		85DAEDEC243ABC8E694CAC26 /* Color+Sojourn.swift in Sources */ = {isa = PBXBuildFile; fileRef = 1C83F21031C43182CA041AD1 /* Color+Sojourn.swift */; };
		88B110F47D49F67CC718D40D /* CleanupService.swift in Sources */ = {isa = PBXBuildFile; fileRef = C198F65D627EB6805DC3C20A /* CleanupService.swift */; };
		8D1F43019FE87FB7E3B869B1 /* Components.swift in Sources */ = {isa = PBXBuildFile; fileRef = 3E2C81F1F7CEDB139F93278C /* Components.swift */; };
		8FA89585B9D478180E588471 /* ChezmoiService.swift in Sources */ = {isa = PBXBuildFile; fileRef = 494B9E3CA3D4138CF9774417 /* ChezmoiService.swift */; };
		9453FF999E25CAABF33361EC /* AppStore.swift in Sources */ = {isa = PBXBuildFile; fileRef = CA1C48BDB71227E5F1B7662A /* AppStore.swift */; };
		94AE39249B6367213125F76E /* MenuBarRootView.swift in Sources */ = {isa = PBXBuildFile; fileRef = 3A7DAB9C286D5AEF17AC0A36 /* MenuBarRootView.swift */; };
		95D73349E1FF7B04100F3CA1 /* Radii.swift in Sources */ = {isa = PBXBuildFile; fileRef = 5F02754CC930D40A6E8EC831 /* Radii.swift */; };
		96569C952E7FBF0DA8BF89A5 /* PrefService.swift in Sources */ = {isa = PBXBuildFile; fileRef = 8CF3E7F8591B56E1E9859A73 /* PrefService.swift */; };
		96F5B9D644CDA14A4F97D25B /* SubprocessRunner.swift in Sources */ = {isa = PBXBuildFile; fileRef = 22DFD3E375E49A6409AE3812 /* SubprocessRunner.swift */; };
		9B7B02C7B9DAF18D4D1DD0B6 /* PaneHero.swift in Sources */ = {isa = PBXBuildFile; fileRef = FA5CB3BD97161CDF0AF67FA2 /* PaneHero.swift */; };
		9D92A61401379AAAE305DE8D /* BrewBundleService.swift in Sources */ = {isa = PBXBuildFile; fileRef = 62253F977154A88AF1BCA3BD /* BrewBundleService.swift */; };
		9FA218689F0D23FB8BE9C69F /* ConflictsPane.swift in Sources */ = {isa = PBXBuildFile; fileRef = A7BBFBFD2E7DDE3A05F343A7 /* ConflictsPane.swift */; };
		A1000D74EE7DBDEDD6CB5F79 /* ArchitectureView.swift in Sources */ = {isa = PBXBuildFile; fileRef = 1C2E6D67A2EE7A536B7FED0A /* ArchitectureView.swift */; };
		A250E0AD51950D6B334A5001 /* ContainersServiceTests.swift in Sources */ = {isa = PBXBuildFile; fileRef = 0A6F6540986E83E02DB01AD6 /* ContainersServiceTests.swift */; };
		A41A6E357036CADB2C272B93 /* Brewfile.swift in Sources */ = {isa = PBXBuildFile; fileRef = 4CAA3F1AB2A8BAE4DFC84DC0 /* Brewfile.swift */; };
		A5BFC169446EF6AD09D8BCD9 /* AppStoreTests.swift in Sources */ = {isa = PBXBuildFile; fileRef = 36003675808D66439A2DE0B8 /* AppStoreTests.swift */; };
		A73BAE6B0DA18AE332A12AF6 /* SyncMergeTargetTests.swift in Sources */ = {isa = PBXBuildFile; fileRef = B2F3D8B1FA0E7E41B914FD76 /* SyncMergeTargetTests.swift */; };
		A7B98E701D5EBDB9570D49F7 /* DiagnosticBundle.swift in Sources */ = {isa = PBXBuildFile; fileRef = E4852A96E28C5AE7EFD35C49 /* DiagnosticBundle.swift */; };
		A89F889B6885C77574D1A9DB /* LogExporter.swift in Sources */ = {isa = PBXBuildFile; fileRef = B138DB8D40A2A098C28ED4CB /* LogExporter.swift */; };
		A9A1ACC2E910BABFA68FCDA2 /* MasHelperService.swift in Sources */ = {isa = PBXBuildFile; fileRef = 885D1B68EB7366BB93BB0DFA /* MasHelperService.swift */; };
		AA33BC82E753FD68DFD4B771 /* MasHelperProtocol.swift in Sources */ = {isa = PBXBuildFile; fileRef = EB4FE8184AADB56514189B5D /* MasHelperProtocol.swift */; };
		AB65C0850E45096716071226 /* MasHelperClient.swift in Sources */ = {isa = PBXBuildFile; fileRef = AC16F379586B175695E71BF2 /* MasHelperClient.swift */; };
		ABB5C20DDEE082F71A36EF69 /* SojournIcon.swift in Sources */ = {isa = PBXBuildFile; fileRef = 81F879A8DCA19A0D5AA7B0AB /* SojournIcon.swift */; };
		ABF59B843BD9670834DF9AB3 /* ServicesTests.swift in Sources */ = {isa = PBXBuildFile; fileRef = 012D1D3CEBF6D99B901ABA36 /* ServicesTests.swift */; };
		AE7C259E9B5D4CE6322916C8 /* SecretScanService.swift in Sources */ = {isa = PBXBuildFile; fileRef = 07993C2265D99A08965BAA61 /* SecretScanService.swift */; };
		AF41D0A179C38D3AFA59E55A /* ANSIParserTests.swift in Sources */ = {isa = PBXBuildFile; fileRef = 55D844D1916BAD352E960418 /* ANSIParserTests.swift */; };
		B179B127C52855C03A973F00 /* data in Resources */ = {isa = PBXBuildFile; fileRef = 3A0B5A8BB60D9FFFA8948472 /* data */; };
		B1E47258664B961849BF56AE /* TierClassifier.swift in Sources */ = {isa = PBXBuildFile; fileRef = E4FDE1104A51EA62C619BA04 /* TierClassifier.swift */; };
		B475679D0AD785BB136FC9D2 /* BackupsDirectory.swift in Sources */ = {isa = PBXBuildFile; fileRef = 0E16DA51B87576598BAB7134 /* BackupsDirectory.swift */; };
		B5B77E5BF67EB533A05BB8E1 /* PowerSurfaces.swift in Sources */ = {isa = PBXBuildFile; fileRef = B4EE7ECBC1A37D8F0DFF9DCD /* PowerSurfaces.swift */; };
		B71E89C2CE6E01C7C708E066 /* SecretsPane.swift in Sources */ = {isa = PBXBuildFile; fileRef = 50E78DBDD1F8570D95723E0D /* SecretsPane.swift */; };
		B8384A446BAC0005B38572E7 /* OverviewPane.swift in Sources */ = {isa = PBXBuildFile; fileRef = 6E84E3C18E0943ADC546FB00 /* OverviewPane.swift */; };
		BACB75269B81A8C0DAF85490 /* MacOSFeaturesPane.swift in Sources */ = {isa = PBXBuildFile; fileRef = C943BF48C79C037DE50364AE /* MacOSFeaturesPane.swift */; };
		BCD0622CDB162310CFD7A2E3 /* Generation.swift in Sources */ = {isa = PBXBuildFile; fileRef = D2DAB6CE172EE5970FC7D6BB /* Generation.swift */; };
		BD3DEBF934660090463D393E /* InboundCommit.swift in Sources */ = {isa = PBXBuildFile; fileRef = AC9423CDD9933BBCD7177ED4 /* InboundCommit.swift */; };
		BD749CDE10A09D2DC52D5BE8 /* GitServiceInboundCommitsTests.swift in Sources */ = {isa = PBXBuildFile; fileRef = D348ED12DCA9FB229774F3C4 /* GitServiceInboundCommitsTests.swift */; };
		BFB171F5BB6318C71D640141 /* AutoUpdateTier.swift in Sources */ = {isa = PBXBuildFile; fileRef = B90A0FD134A7FCFD56850E8F /* AutoUpdateTier.swift */; };
		C26B80A1439501C9C8E646D5 /* SettingsPaneEmbedded.swift in Sources */ = {isa = PBXBuildFile; fileRef = B196BE3A97C394DA91D92949 /* SettingsPaneEmbedded.swift */; };
		C44DB6B79B4C736DEC87106E /* MachineMetadata.swift in Sources */ = {isa = PBXBuildFile; fileRef = EDF057685B19AB3503933B08 /* MachineMetadata.swift */; };
		C63650F6F57BDB8D36CDC7E9 /* OrphanCandidate.swift in Sources */ = {isa = PBXBuildFile; fileRef = AA82E2DC35BD66C0CCB3D31C /* OrphanCandidate.swift */; };
		C6E76168AC77E5F2B66C1A00 /* ToolLocatorTests.swift in Sources */ = {isa = PBXBuildFile; fileRef = 3631080B96D92DFD843F72AE /* ToolLocatorTests.swift */; };
		C980A3B327D62468DB094D24 /* MasExecutableValidator.swift in Sources */ = {isa = PBXBuildFile; fileRef = 281D14573DB2FA7953B5A7BD /* MasExecutableValidator.swift */; };
		C9B5636F619F4D29C1EC1E72 /* MasService.swift in Sources */ = {isa = PBXBuildFile; fileRef = 4E429313D0E0FB1D51FABD2F /* MasService.swift */; };
		CECA18FC532B5949256AC8AD /* Pane.swift in Sources */ = {isa = PBXBuildFile; fileRef = 490214C4A2B5FAA45DAA370F /* Pane.swift */; };
		D7151A2078906FDB7B990AD6 /* GenerationsPane.swift in Sources */ = {isa = PBXBuildFile; fileRef = 0DFAB02C29720FAB30864DCB /* GenerationsPane.swift */; };
		D8E561923A9C07751DB4532E /* Spacing.swift in Sources */ = {isa = PBXBuildFile; fileRef = FF63E8F9CAA2A0B02F398EB9 /* Spacing.swift */; };
		DBE5E28C18D60EB11AC4CCE6 /* InstallSource.swift in Sources */ = {isa = PBXBuildFile; fileRef = 0D85488BB6DD8D0C67A7C27F /* InstallSource.swift */; };
		DE03A44AB78A511EEE4CD4F1 /* BootstrapService.swift in Sources */ = {isa = PBXBuildFile; fileRef = 14A5F035C01184E1BF26CB2F /* BootstrapService.swift */; };
		DEC7987D1C49E0302153500B /* PersistenceTests.swift in Sources */ = {isa = PBXBuildFile; fileRef = 78D3E34CEC39749CE7D6E198 /* PersistenceTests.swift */; };
		E03EFF2897106D6F59B2E163 /* ContainersPane.swift in Sources */ = {isa = PBXBuildFile; fileRef = 37F9681D54DC8472566008C6 /* ContainersPane.swift */; };
		E164DFB8698F47103D3AC30B /* ConflictResolver.swift in Sources */ = {isa = PBXBuildFile; fileRef = A86908BAB32D478969681FAF /* ConflictResolver.swift */; };
		E4AE7D402977E4174F6AA917 /* PackagesPane.swift in Sources */ = {isa = PBXBuildFile; fileRef = E85F38538D64D3F9E1B06485 /* PackagesPane.swift */; };
		E50919FD33E2914DF758D069 /* JobRunnerTests.swift in Sources */ = {isa = PBXBuildFile; fileRef = 72893E315B28B7A4C2D41119 /* JobRunnerTests.swift */; };
		E72C0687340E4387E829A79E /* MainWindowView.swift in Sources */ = {isa = PBXBuildFile; fileRef = 82A52B4280B84BAE4A95BCBF /* MainWindowView.swift */; };
		E83D3436EED0F981FD480712 /* main.swift in Sources */ = {isa = PBXBuildFile; fileRef = 8D6ADA76780BBF30B8F9F8D3 /* main.swift */; };
		E8CF049FDC844E6B057A072A /* SojournIconMark.swift in Sources */ = {isa = PBXBuildFile; fileRef = ABEBDD56226C708B2BB5B500 /* SojournIconMark.swift */; };
		EC09A5B3183BEB61809AC07E /* PackagesPaneModels.swift in Sources */ = {isa = PBXBuildFile; fileRef = CF1E3144BE28D91718747B24 /* PackagesPaneModels.swift */; };
		F0C1DCDB2BC208481EBF15E2 /* ToolProbeTests.swift in Sources */ = {isa = PBXBuildFile; fileRef = 1D5FA41A6CFE57A332299D96 /* ToolProbeTests.swift */; };
		F40C659088BA7D50CF171576 /* ManagerSnapshot.swift in Sources */ = {isa = PBXBuildFile; fileRef = 3D1CE3F585241A7C3832E1FC /* ManagerSnapshot.swift */; };
		F6BF2FC143BC1E32029089C9 /* GitService.swift in Sources */ = {isa = PBXBuildFile; fileRef = 51654B4F53BDA5905226D68E /* GitService.swift */; };
		F717053AAA010387755CA207 /* InstallSourceDetector.swift in Sources */ = {isa = PBXBuildFile; fileRef = 8C24BF87404E2C937B998CCE /* InstallSourceDetector.swift */; };
		F92E6B88164044C942516052 /* PURL.swift in Sources */ = {isa = PBXBuildFile; fileRef = D95EF49879108ECD1297E756 /* PURL.swift */; };
		FC1D01347E391EEB39B26838 /* VersionFile.swift in Sources */ = {isa = PBXBuildFile; fileRef = 90C0FA8590D68C1D74288A32 /* VersionFile.swift */; };
		FEC5097A5FFAE8DAAA7D7B3A /* Subprocess in Frameworks */ = {isa = PBXBuildFile; productRef = 39BF93AAF2A4FCFC7EBAD55E /* Subprocess */; };
/* End PBXBuildFile section */

/* Begin PBXContainerItemProxy section */
		8D8FDEE0D8BB2633AC860015 /* PBXContainerItemProxy */ = {
			isa = PBXContainerItemProxy;
			containerPortal = 8859980E698820D5DE487503 /* Project object */;
			proxyType = 1;
			remoteGlobalIDString = 940E88B3F1FF4F0B348B13A6;
			remoteInfo = Sojourn;
		};
		AA1E9A8F51EBDF161899C416 /* PBXContainerItemProxy */ = {
			isa = PBXContainerItemProxy;
			containerPortal = 8859980E698820D5DE487503 /* Project object */;
			proxyType = 1;
			remoteGlobalIDString = 940E88B3F1FF4F0B348B13A6;
			remoteInfo = Sojourn;
		};
		C34A9E6A23B2D74308BEF6AE /* PBXContainerItemProxy */ = {
			isa = PBXContainerItemProxy;
			containerPortal = 8859980E698820D5DE487503 /* Project object */;
			proxyType = 1;
			remoteGlobalIDString = 91A31580165B19BE5C6D6C8B;
			remoteInfo = MasHelper;
		};
/* End PBXContainerItemProxy section */

/* Begin PBXFileReference section */
		012D1D3CEBF6D99B901ABA36 /* ServicesTests.swift */ = {isa = PBXFileReference; lastKnownFileType = sourcecode.swift; path = ServicesTests.swift; sourceTree = "<group>"; };
		07993C2265D99A08965BAA61 /* SecretScanService.swift */ = {isa = PBXFileReference; lastKnownFileType = sourcecode.swift; path = SecretScanService.swift; sourceTree = "<group>"; };
		0A6F6540986E83E02DB01AD6 /* ContainersServiceTests.swift */ = {isa = PBXFileReference; lastKnownFileType = sourcecode.swift; path = ContainersServiceTests.swift; sourceTree = "<group>"; };
		0BADEBA10CB6637299E6E07E /* CooldownPolicy.swift */ = {isa = PBXFileReference; lastKnownFileType = sourcecode.swift; path = CooldownPolicy.swift; sourceTree = "<group>"; };
		0D85488BB6DD8D0C67A7C27F /* InstallSource.swift */ = {isa = PBXFileReference; lastKnownFileType = sourcecode.swift; path = InstallSource.swift; sourceTree = "<group>"; };
		0DFAB02C29720FAB30864DCB /* GenerationsPane.swift */ = {isa = PBXFileReference; lastKnownFileType = sourcecode.swift; path = GenerationsPane.swift; sourceTree = "<group>"; };
		0E16DA51B87576598BAB7134 /* BackupsDirectory.swift */ = {isa = PBXFileReference; lastKnownFileType = sourcecode.swift; path = BackupsDirectory.swift; sourceTree = "<group>"; };
		101837DD34BDE8DB72BE4924 /* .gitkeep */ = {isa = PBXFileReference; path = .gitkeep; sourceTree = "<group>"; };
		14A5F035C01184E1BF26CB2F /* BootstrapService.swift */ = {isa = PBXFileReference; lastKnownFileType = sourcecode.swift; path = BootstrapService.swift; sourceTree = "<group>"; };
		1635E82D1CC28DB81B7AB96E /* JobRunnerTimeoutPolicyTests.swift */ = {isa = PBXFileReference; lastKnownFileType = sourcecode.swift; path = JobRunnerTimeoutPolicyTests.swift; sourceTree = "<group>"; };
		197100C16F14E6EF4B75D6E3 /* SyncCoordinator.swift */ = {isa = PBXFileReference; lastKnownFileType = sourcecode.swift; path = SyncCoordinator.swift; sourceTree = "<group>"; };
		1BDD342FB453E37289043AB0 /* ANSIParser.swift */ = {isa = PBXFileReference; lastKnownFileType = sourcecode.swift; path = ANSIParser.swift; sourceTree = "<group>"; };
		1C2E6D67A2EE7A536B7FED0A /* ArchitectureView.swift */ = {isa = PBXFileReference; lastKnownFileType = sourcecode.swift; path = ArchitectureView.swift; sourceTree = "<group>"; };
		1C83F21031C43182CA041AD1 /* Color+Sojourn.swift */ = {isa = PBXFileReference; lastKnownFileType = sourcecode.swift; path = "Color+Sojourn.swift"; sourceTree = "<group>"; };
		1D5FA41A6CFE57A332299D96 /* ToolProbeTests.swift */ = {isa = PBXFileReference; lastKnownFileType = sourcecode.swift; path = ToolProbeTests.swift; sourceTree = "<group>"; };
		22514EEE2D61221B194F8C5F /* HistoryDBTests.swift */ = {isa = PBXFileReference; lastKnownFileType = sourcecode.swift; path = HistoryDBTests.swift; sourceTree = "<group>"; };
		22AD4B1C7B6A1407A58F651A /* SyncPane.swift */ = {isa = PBXFileReference; lastKnownFileType = sourcecode.swift; path = SyncPane.swift; sourceTree = "<group>"; };
		22DFD3E375E49A6409AE3812 /* SubprocessRunner.swift */ = {isa = PBXFileReference; lastKnownFileType = sourcecode.swift; path = SubprocessRunner.swift; sourceTree = "<group>"; };
		26AC85D34AC1D8A31E0EC1C3 /* RedactorTests.swift */ = {isa = PBXFileReference; lastKnownFileType = sourcecode.swift; path = RedactorTests.swift; sourceTree = "<group>"; };
		27657F22347EC0CCD4B14D5C /* .gitkeep */ = {isa = PBXFileReference; path = .gitkeep; sourceTree = "<group>"; };
		277FC75194E246A84AB1A2A9 /* HistoryDB.swift */ = {isa = PBXFileReference; lastKnownFileType = sourcecode.swift; path = HistoryDB.swift; sourceTree = "<group>"; };
		281D14573DB2FA7953B5A7BD /* MasExecutableValidator.swift */ = {isa = PBXFileReference; lastKnownFileType = sourcecode.swift; path = MasExecutableValidator.swift; sourceTree = "<group>"; };
		2A07B987FC38D4FE488E8704 /* ToolProbe.swift */ = {isa = PBXFileReference; lastKnownFileType = sourcecode.swift; path = ToolProbe.swift; sourceTree = "<group>"; };
		2A4824F5864A9EC3B55E6600 /* Assets.xcassets */ = {isa = PBXFileReference; lastKnownFileType = folder.assetcatalog; path = Assets.xcassets; sourceTree = "<group>"; };
		2DD4943AD10D37C3DB9CFBC9 /* LogBufferTests.swift */ = {isa = PBXFileReference; lastKnownFileType = sourcecode.swift; path = LogBufferTests.swift; sourceTree = "<group>"; };
		322525F6BFB0AE5CD82D448E /* PackageInventoryRow.swift */ = {isa = PBXFileReference; lastKnownFileType = sourcecode.swift; path = PackageInventoryRow.swift; sourceTree = "<group>"; };
		36003675808D66439A2DE0B8 /* AppStoreTests.swift */ = {isa = PBXFileReference; lastKnownFileType = sourcecode.swift; path = AppStoreTests.swift; sourceTree = "<group>"; };
		3631080B96D92DFD843F72AE /* ToolLocatorTests.swift */ = {isa = PBXFileReference; lastKnownFileType = sourcecode.swift; path = ToolLocatorTests.swift; sourceTree = "<group>"; };
		37F9681D54DC8472566008C6 /* ContainersPane.swift */ = {isa = PBXFileReference; lastKnownFileType = sourcecode.swift; path = ContainersPane.swift; sourceTree = "<group>"; };
		382E9466BCD14C7A5C4CA0A7 /* OnboardPane.swift */ = {isa = PBXFileReference; lastKnownFileType = sourcecode.swift; path = OnboardPane.swift; sourceTree = "<group>"; };
		3A05293DDD6F76E28F023833 /* Redactor.swift */ = {isa = PBXFileReference; lastKnownFileType = sourcecode.swift; path = Redactor.swift; sourceTree = "<group>"; };
		3A0B5A8BB60D9FFFA8948472 /* data */ = {isa = PBXFileReference; lastKnownFileType = folder; name = data; path = Sojourn/Resources/data; sourceTree = SOURCE_ROOT; };
		3A7DAB9C286D5AEF17AC0A36 /* MenuBarRootView.swift */ = {isa = PBXFileReference; lastKnownFileType = sourcecode.swift; path = MenuBarRootView.swift; sourceTree = "<group>"; };
		3BF1AACCC465682DC48834DF /* MasHelper */ = {isa = PBXFileReference; includeInIndex = 0; path = MasHelper; sourceTree = BUILT_PRODUCTS_DIR; };
		3D1CE3F585241A7C3832E1FC /* ManagerSnapshot.swift */ = {isa = PBXFileReference; lastKnownFileType = sourcecode.swift; path = ManagerSnapshot.swift; sourceTree = "<group>"; };
		3E2C81F1F7CEDB139F93278C /* Components.swift */ = {isa = PBXFileReference; lastKnownFileType = sourcecode.swift; path = Components.swift; sourceTree = "<group>"; };
		42E2ABBD80A9964361A8688C /* SparkleService.swift */ = {isa = PBXFileReference; lastKnownFileType = sourcecode.swift; path = SparkleService.swift; sourceTree = "<group>"; };
		46A3581F13A50DB09A6F343F /* CycloneDX.swift */ = {isa = PBXFileReference; lastKnownFileType = sourcecode.swift; path = CycloneDX.swift; sourceTree = "<group>"; };
		481F54F2BDF64F5380438AA6 /* SojournFileCodec.swift */ = {isa = PBXFileReference; lastKnownFileType = sourcecode.swift; path = SojournFileCodec.swift; sourceTree = "<group>"; };
		490214C4A2B5FAA45DAA370F /* Pane.swift */ = {isa = PBXFileReference; lastKnownFileType = sourcecode.swift; path = Pane.swift; sourceTree = "<group>"; };
		494B9E3CA3D4138CF9774417 /* ChezmoiService.swift */ = {isa = PBXFileReference; lastKnownFileType = sourcecode.swift; path = ChezmoiService.swift; sourceTree = "<group>"; };
		4A54E029B5D676EBB2312038 /* ToolInstaller.swift */ = {isa = PBXFileReference; lastKnownFileType = sourcecode.swift; path = ToolInstaller.swift; sourceTree = "<group>"; };
		4B4C7A81F96BAD6A1DB0EAA0 /* DotfilesPane.swift */ = {isa = PBXFileReference; lastKnownFileType = sourcecode.swift; path = DotfilesPane.swift; sourceTree = "<group>"; };
		4CAA3F1AB2A8BAE4DFC84DC0 /* Brewfile.swift */ = {isa = PBXFileReference; lastKnownFileType = sourcecode.swift; path = Brewfile.swift; sourceTree = "<group>"; };
		4E429313D0E0FB1D51FABD2F /* MasService.swift */ = {isa = PBXFileReference; lastKnownFileType = sourcecode.swift; path = MasService.swift; sourceTree = "<group>"; };
		4F811FB480E52C17173F18BE /* StateDB.swift */ = {isa = PBXFileReference; lastKnownFileType = sourcecode.swift; path = StateDB.swift; sourceTree = "<group>"; };
		5067374206B171480C067C6A /* SojournTests.xctest */ = {isa = PBXFileReference; explicitFileType = wrapper.cfbundle; includeInIndex = 0; path = SojournTests.xctest; sourceTree = BUILT_PRODUCTS_DIR; };
		50E78DBDD1F8570D95723E0D /* SecretsPane.swift */ = {isa = PBXFileReference; lastKnownFileType = sourcecode.swift; path = SecretsPane.swift; sourceTree = "<group>"; };
		51654B4F53BDA5905226D68E /* GitService.swift */ = {isa = PBXFileReference; lastKnownFileType = sourcecode.swift; path = GitService.swift; sourceTree = "<group>"; };
		519573B2007EA85FF61BF8F5 /* DeletionsDB.swift */ = {isa = PBXFileReference; lastKnownFileType = sourcecode.swift; path = DeletionsDB.swift; sourceTree = "<group>"; };
		51D4324400DB044163B9E9C9 /* KeychainBroker.swift */ = {isa = PBXFileReference; lastKnownFileType = sourcecode.swift; path = KeychainBroker.swift; sourceTree = "<group>"; };
		5217EB2276E28CBD960CFE45 /* SecretBroker.swift */ = {isa = PBXFileReference; lastKnownFileType = sourcecode.swift; path = SecretBroker.swift; sourceTree = "<group>"; };
		5531EFE3E6A6B9815FE6AA3D /* ToolLocator.swift */ = {isa = PBXFileReference; lastKnownFileType = sourcecode.swift; path = ToolLocator.swift; sourceTree = "<group>"; };
		55D844D1916BAD352E960418 /* ANSIParserTests.swift */ = {isa = PBXFileReference; lastKnownFileType = sourcecode.swift; path = ANSIParserTests.swift; sourceTree = "<group>"; };
		5F02754CC930D40A6E8EC831 /* Radii.swift */ = {isa = PBXFileReference; lastKnownFileType = sourcecode.swift; path = Radii.swift; sourceTree = "<group>"; };
		5F73FECB65986451C136A8A2 /* DiagnosticsPane.swift */ = {isa = PBXFileReference; lastKnownFileType = sourcecode.swift; path = DiagnosticsPane.swift; sourceTree = "<group>"; };
		62253F977154A88AF1BCA3BD /* BrewBundleService.swift */ = {isa = PBXFileReference; lastKnownFileType = sourcecode.swift; path = BrewBundleService.swift; sourceTree = "<group>"; };
		6351478579F8219B376DB5F7 /* KeychainBrokerTests.swift */ = {isa = PBXFileReference; lastKnownFileType = sourcecode.swift; path = KeychainBrokerTests.swift; sourceTree = "<group>"; };
		6534B3DB0424AE8E3E280F03 /* Font+Sojourn.swift */ = {isa = PBXFileReference; lastKnownFileType = sourcecode.swift; path = "Font+Sojourn.swift"; sourceTree = "<group>"; };
		6759066E988970C0FDB44D7E /* SettingsScene.swift */ = {isa = PBXFileReference; lastKnownFileType = sourcecode.swift; path = SettingsScene.swift; sourceTree = "<group>"; };
		67A4B09F86913C2562B8AD88 /* SubprocessError.swift */ = {isa = PBXFileReference; lastKnownFileType = sourcecode.swift; path = SubprocessError.swift; sourceTree = "<group>"; };
		6E6EE61BCBB43941CBEF30F4 /* Fonts */ = {isa = PBXFileReference; lastKnownFileType = folder; name = Fonts; path = Sojourn/Resources/Fonts; sourceTree = SOURCE_ROOT; };
		6E84E3C18E0943ADC546FB00 /* OverviewPane.swift */ = {isa = PBXFileReference; lastKnownFileType = sourcecode.swift; path = OverviewPane.swift; sourceTree = "<group>"; };
		72893E315B28B7A4C2D41119 /* JobRunnerTests.swift */ = {isa = PBXFileReference; lastKnownFileType = sourcecode.swift; path = JobRunnerTests.swift; sourceTree = "<group>"; };
		75102F527B8749FB644C0444 /* LogBuffer.swift */ = {isa = PBXFileReference; lastKnownFileType = sourcecode.swift; path = LogBuffer.swift; sourceTree = "<group>"; };
		789996000891BE42FD7BD49C /* BrewBundleServiceTests.swift */ = {isa = PBXFileReference; lastKnownFileType = sourcecode.swift; path = BrewBundleServiceTests.swift; sourceTree = "<group>"; };
		78D3E34CEC39749CE7D6E198 /* PersistenceTests.swift */ = {isa = PBXFileReference; lastKnownFileType = sourcecode.swift; path = PersistenceTests.swift; sourceTree = "<group>"; };
		7B75E2CD72BA992F32BCEB9C /* AdvisoriesPane.swift */ = {isa = PBXFileReference; lastKnownFileType = sourcecode.swift; path = AdvisoriesPane.swift; sourceTree = "<group>"; };
		7FD1B4AC2223DF98A4D4AF30 /* SyncTests.swift */ = {isa = PBXFileReference; lastKnownFileType = sourcecode.swift; path = SyncTests.swift; sourceTree = "<group>"; };
		81F879A8DCA19A0D5AA7B0AB /* SojournIcon.swift */ = {isa = PBXFileReference; lastKnownFileType = sourcecode.swift; path = SojournIcon.swift; sourceTree = "<group>"; };
		82A52B4280B84BAE4A95BCBF /* MainWindowView.swift */ = {isa = PBXFileReference; lastKnownFileType = sourcecode.swift; path = MainWindowView.swift; sourceTree = "<group>"; };
		85CA5EF14259B836AD6AED4E /* DotfileOwner.swift */ = {isa = PBXFileReference; lastKnownFileType = sourcecode.swift; path = DotfileOwner.swift; sourceTree = "<group>"; };
		8850C6C49AE8C25A8188705F /* BootstrapServiceMasInstallTests.swift */ = {isa = PBXFileReference; lastKnownFileType = sourcecode.swift; path = BootstrapServiceMasInstallTests.swift; sourceTree = "<group>"; };
		885D1B68EB7366BB93BB0DFA /* MasHelperService.swift */ = {isa = PBXFileReference; lastKnownFileType = sourcecode.swift; path = MasHelperService.swift; sourceTree = "<group>"; };
		887AAF2686F9A376CC67B150 /* GenerationService.swift */ = {isa = PBXFileReference; lastKnownFileType = sourcecode.swift; path = GenerationService.swift; sourceTree = "<group>"; };
		8884B2AE7CA5668066930F1F /* AdvisoryService.swift */ = {isa = PBXFileReference; lastKnownFileType = sourcecode.swift; path = AdvisoryService.swift; sourceTree = "<group>"; };
		8C24BF87404E2C937B998CCE /* InstallSourceDetector.swift */ = {isa = PBXFileReference; lastKnownFileType = sourcecode.swift; path = InstallSourceDetector.swift; sourceTree = "<group>"; };
		8CF3E7F8591B56E1E9859A73 /* PrefService.swift */ = {isa = PBXFileReference; lastKnownFileType = sourcecode.swift; path = PrefService.swift; sourceTree = "<group>"; };
		8D6ADA76780BBF30B8F9F8D3 /* main.swift */ = {isa = PBXFileReference; lastKnownFileType = sourcecode.swift; path = main.swift; sourceTree = "<group>"; };
		8DED6874FE4B27207A890E6E /* GitHubDeviceAuth.swift */ = {isa = PBXFileReference; lastKnownFileType = sourcecode.swift; path = GitHubDeviceAuth.swift; sourceTree = "<group>"; };
		90C0FA8590D68C1D74288A32 /* VersionFile.swift */ = {isa = PBXFileReference; lastKnownFileType = sourcecode.swift; path = VersionFile.swift; sourceTree = "<group>"; };
		917C3CA7A3B22318CCEC81F1 /* CleanupPane.swift */ = {isa = PBXFileReference; lastKnownFileType = sourcecode.swift; path = CleanupPane.swift; sourceTree = "<group>"; };
		92FBF1A32893C79F8C24CC6D /* PreferenceDomain.swift */ = {isa = PBXFileReference; lastKnownFileType = sourcecode.swift; path = PreferenceDomain.swift; sourceTree = "<group>"; };
		9379A483ED7A08C15144F74B /* LiquidGlass.swift */ = {isa = PBXFileReference; lastKnownFileType = sourcecode.swift; path = LiquidGlass.swift; sourceTree = "<group>"; };
		94CB225DC00C02FB0F4068D9 /* BootstrapCoordinator.swift */ = {isa = PBXFileReference; lastKnownFileType = sourcecode.swift; path = BootstrapCoordinator.swift; sourceTree = "<group>"; };
		95E397843E7AA4607A3DD54E /* AppSupportPaths.swift */ = {isa = PBXFileReference; lastKnownFileType = sourcecode.swift; path = AppSupportPaths.swift; sourceTree = "<group>"; };
		9EA4AA76436DC69BBF10668F /* preference-domains.json */ = {isa = PBXFileReference; lastKnownFileType = text.json; path = "preference-domains.json"; sourceTree = "<group>"; };
		A32D3727C5D946D5B3FF0878 /* MachinesPane.swift */ = {isa = PBXFileReference; lastKnownFileType = sourcecode.swift; path = MachinesPane.swift; sourceTree = "<group>"; };
		A36CD6BB083EBA6FA642F71F /* CleanupServiceTests.swift */ = {isa = PBXFileReference; lastKnownFileType = sourcecode.swift; path = CleanupServiceTests.swift; sourceTree = "<group>"; };
		A64D32536414511C9E9911C6 /* Bundle+Fixtures.swift */ = {isa = PBXFileReference; lastKnownFileType = sourcecode.swift; path = "Bundle+Fixtures.swift"; sourceTree = "<group>"; };
		A6DC18B5D24857B171B10510 /* SnapshotService.swift */ = {isa = PBXFileReference; lastKnownFileType = sourcecode.swift; path = SnapshotService.swift; sourceTree = "<group>"; };
		A7BBFBFD2E7DDE3A05F343A7 /* ConflictsPane.swift */ = {isa = PBXFileReference; lastKnownFileType = sourcecode.swift; path = ConflictsPane.swift; sourceTree = "<group>"; };
		A86908BAB32D478969681FAF /* ConflictResolver.swift */ = {isa = PBXFileReference; lastKnownFileType = sourcecode.swift; path = ConflictResolver.swift; sourceTree = "<group>"; };
		A8A0D4248D7F40715D7685E4 /* Conflict.swift */ = {isa = PBXFileReference; lastKnownFileType = sourcecode.swift; path = Conflict.swift; sourceTree = "<group>"; };
		AA82E2DC35BD66C0CCB3D31C /* OrphanCandidate.swift */ = {isa = PBXFileReference; lastKnownFileType = sourcecode.swift; path = OrphanCandidate.swift; sourceTree = "<group>"; };
		AAB806B3F130A1371E112DC8 /* ContainersService.swift */ = {isa = PBXFileReference; lastKnownFileType = sourcecode.swift; path = ContainersService.swift; sourceTree = "<group>"; };
		ABEBDD56226C708B2BB5B500 /* SojournIconMark.swift */ = {isa = PBXFileReference; lastKnownFileType = sourcecode.swift; path = SojournIconMark.swift; sourceTree = "<group>"; };
		AC16F379586B175695E71BF2 /* MasHelperClient.swift */ = {isa = PBXFileReference; lastKnownFileType = sourcecode.swift; path = MasHelperClient.swift; sourceTree = "<group>"; };
		AC9423CDD9933BBCD7177ED4 /* InboundCommit.swift */ = {isa = PBXFileReference; lastKnownFileType = sourcecode.swift; path = InboundCommit.swift; sourceTree = "<group>"; };
		AD38BF30D6CBEB4EFF1A4FD7 /* MasHelperClientTests.swift */ = {isa = PBXFileReference; lastKnownFileType = sourcecode.swift; path = MasHelperClientTests.swift; sourceTree = "<group>"; };
		B0A7A91337334537033977DB /* Modals.swift */ = {isa = PBXFileReference; lastKnownFileType = sourcecode.swift; path = Modals.swift; sourceTree = "<group>"; };
		B10DD40CBD9A7ADFED1E94D4 /* SojournUITests.swift */ = {isa = PBXFileReference; lastKnownFileType = sourcecode.swift; path = SojournUITests.swift; sourceTree = "<group>"; };
		B138DB8D40A2A098C28ED4CB /* LogExporter.swift */ = {isa = PBXFileReference; lastKnownFileType = sourcecode.swift; path = LogExporter.swift; sourceTree = "<group>"; };
		B155502B536A71BBC60866A8 /* .gitkeep */ = {isa = PBXFileReference; path = .gitkeep; sourceTree = "<group>"; };
		B17DA112F156FC13EBFD8B18 /* Snapshot.swift */ = {isa = PBXFileReference; lastKnownFileType = sourcecode.swift; path = Snapshot.swift; sourceTree = "<group>"; };
		B196BE3A97C394DA91D92949 /* SettingsPaneEmbedded.swift */ = {isa = PBXFileReference; lastKnownFileType = sourcecode.swift; path = SettingsPaneEmbedded.swift; sourceTree = "<group>"; };
		B2F3D8B1FA0E7E41B914FD76 /* SyncMergeTargetTests.swift */ = {isa = PBXFileReference; lastKnownFileType = sourcecode.swift; path = SyncMergeTargetTests.swift; sourceTree = "<group>"; };
		B4EE7ECBC1A37D8F0DFF9DCD /* PowerSurfaces.swift */ = {isa = PBXFileReference; lastKnownFileType = sourcecode.swift; path = PowerSurfaces.swift; sourceTree = "<group>"; };
		B5540A13628D2CEAF0961029 /* BackgroundActivity.swift */ = {isa = PBXFileReference; lastKnownFileType = sourcecode.swift; path = BackgroundActivity.swift; sourceTree = "<group>"; };
		B90A0FD134A7FCFD56850E8F /* AutoUpdateTier.swift */ = {isa = PBXFileReference; lastKnownFileType = sourcecode.swift; path = AutoUpdateTier.swift; sourceTree = "<group>"; };
		BB1FBD91A2515C0261DD4EFF /* AdvisoryReference.swift */ = {isa = PBXFileReference; lastKnownFileType = sourcecode.swift; path = AdvisoryReference.swift; sourceTree = "<group>"; };
		BC0CD2FDD4876C335C51A7F6 /* SojournUITests.xctest */ = {isa = PBXFileReference; explicitFileType = wrapper.cfbundle; includeInIndex = 0; path = SojournUITests.xctest; sourceTree = BUILT_PRODUCTS_DIR; };
		BE87553CA8CCFF236BAD7935 /* .gitkeep */ = {isa = PBXFileReference; path = .gitkeep; sourceTree = "<group>"; };
		BF0F7E5B022F32A9CF6BF028 /* MacOSFeaturesService.swift */ = {isa = PBXFileReference; lastKnownFileType = sourcecode.swift; path = MacOSFeaturesService.swift; sourceTree = "<group>"; };
		C0814F9583EAFEE9FAF041AE /* Job.swift */ = {isa = PBXFileReference; lastKnownFileType = sourcecode.swift; path = Job.swift; sourceTree = "<group>"; };
		C198F65D627EB6805DC3C20A /* CleanupService.swift */ = {isa = PBXFileReference; lastKnownFileType = sourcecode.swift; path = CleanupService.swift; sourceTree = "<group>"; };
		C40858EDF69CF14EA473AF3F /* Sojourn.app */ = {isa = PBXFileReference; explicitFileType = wrapper.application; includeInIndex = 0; path = Sojourn.app; sourceTree = BUILT_PRODUCTS_DIR; };
		C454DA661BE5AA7E7BB4A276 /* SettingsStore.swift */ = {isa = PBXFileReference; lastKnownFileType = sourcecode.swift; path = SettingsStore.swift; sourceTree = "<group>"; };
		C51F95DC3AF05E699D7B7E96 /* BrewService.swift */ = {isa = PBXFileReference; lastKnownFileType = sourcecode.swift; path = BrewService.swift; sourceTree = "<group>"; };
		C5BE1F259CD0D1BD30DA7DE1 /* Atoms.swift */ = {isa = PBXFileReference; lastKnownFileType = sourcecode.swift; path = Atoms.swift; sourceTree = "<group>"; };
		C715FB2104E0602E477DC8AF /* .gitkeep */ = {isa = PBXFileReference; path = .gitkeep; sourceTree = "<group>"; };
		C943BF48C79C037DE50364AE /* MacOSFeaturesPane.swift */ = {isa = PBXFileReference; lastKnownFileType = sourcecode.swift; path = MacOSFeaturesPane.swift; sourceTree = "<group>"; };
		CA1C48BDB71227E5F1B7662A /* AppStore.swift */ = {isa = PBXFileReference; lastKnownFileType = sourcecode.swift; path = AppStore.swift; sourceTree = "<group>"; };
		CA4F5ED6020A23F564C5E5AD /* HistoryPane.swift */ = {isa = PBXFileReference; lastKnownFileType = sourcecode.swift; path = HistoryPane.swift; sourceTree = "<group>"; };
		CC7AC9EC2C343DE83DB1830A /* SojournApp.swift */ = {isa = PBXFileReference; lastKnownFileType = sourcecode.swift; path = SojournApp.swift; sourceTree = "<group>"; };
		CCD94D5F35C89F85DA2CEC8B /* ConflictResolverTests.swift */ = {isa = PBXFileReference; lastKnownFileType = sourcecode.swift; path = ConflictResolverTests.swift; sourceTree = "<group>"; };
		CF1E3144BE28D91718747B24 /* PackagesPaneModels.swift */ = {isa = PBXFileReference; lastKnownFileType = sourcecode.swift; path = PackagesPaneModels.swift; sourceTree = "<group>"; };
		D2DAB6CE172EE5970FC7D6BB /* Generation.swift */ = {isa = PBXFileReference; lastKnownFileType = sourcecode.swift; path = Generation.swift; sourceTree = "<group>"; };
		D348ED12DCA9FB229774F3C4 /* GitServiceInboundCommitsTests.swift */ = {isa = PBXFileReference; lastKnownFileType = sourcecode.swift; path = GitServiceInboundCommitsTests.swift; sourceTree = "<group>"; };
		D6059260CDDBEFAD1D8B25EE /* SojournLog.swift */ = {isa = PBXFileReference; lastKnownFileType = sourcecode.swift; path = SojournLog.swift; sourceTree = "<group>"; };
		D717FBA5804F28F8892BC95F /* SubprocessRunnerTests.swift */ = {isa = PBXFileReference; lastKnownFileType = sourcecode.swift; path = SubprocessRunnerTests.swift; sourceTree = "<group>"; };
		D8327B5FB7E53D45F11AC2FE /* CooldownGate.swift */ = {isa = PBXFileReference; lastKnownFileType = sourcecode.swift; path = CooldownGate.swift; sourceTree = "<group>"; };
		D95EF49879108ECD1297E756 /* PURL.swift */ = {isa = PBXFileReference; lastKnownFileType = sourcecode.swift; path = PURL.swift; sourceTree = "<group>"; };
		DC453885D2E108F361A7299D /* PreferencesPane.swift */ = {isa = PBXFileReference; lastKnownFileType = sourcecode.swift; path = PreferencesPane.swift; sourceTree = "<group>"; };
		E4852A96E28C5AE7EFD35C49 /* DiagnosticBundle.swift */ = {isa = PBXFileReference; lastKnownFileType = sourcecode.swift; path = DiagnosticBundle.swift; sourceTree = "<group>"; };
		E4FDE1104A51EA62C619BA04 /* TierClassifier.swift */ = {isa = PBXFileReference; lastKnownFileType = sourcecode.swift; path = TierClassifier.swift; sourceTree = "<group>"; };
		E6F0178D0AC4C6DD068C321E /* BundledResourceLocator.swift */ = {isa = PBXFileReference; lastKnownFileType = sourcecode.swift; path = BundledResourceLocator.swift; sourceTree = "<group>"; };
		E85F38538D64D3F9E1B06485 /* PackagesPane.swift */ = {isa = PBXFileReference; lastKnownFileType = sourcecode.swift; path = PackagesPane.swift; sourceTree = "<group>"; };
		E9E64BDF45BE87A78922A385 /* HistoryEntry.swift */ = {isa = PBXFileReference; lastKnownFileType = sourcecode.swift; path = HistoryEntry.swift; sourceTree = "<group>"; };
		EB4FE8184AADB56514189B5D /* MasHelperProtocol.swift */ = {isa = PBXFileReference; lastKnownFileType = sourcecode.swift; path = MasHelperProtocol.swift; sourceTree = "<group>"; };
		EC1E1DC7914BD10A9F64131C /* Sidebar.swift */ = {isa = PBXFileReference; lastKnownFileType = sourcecode.swift; path = Sidebar.swift; sourceTree = "<group>"; };
		EDA4FD795AD7787A7A6C0461 /* AgeBroker.swift */ = {isa = PBXFileReference; lastKnownFileType = sourcecode.swift; path = AgeBroker.swift; sourceTree = "<group>"; };
		EDF057685B19AB3503933B08 /* MachineMetadata.swift */ = {isa = PBXFileReference; lastKnownFileType = sourcecode.swift; path = MachineMetadata.swift; sourceTree = "<group>"; };
		F4207776C9EC0D4B31D82E91 /* JobRunner.swift */ = {isa = PBXFileReference; lastKnownFileType = sourcecode.swift; path = JobRunner.swift; sourceTree = "<group>"; };
		F6B2E4CDB667C8A900D0EC01 /* Fixtures */ = {isa = PBXFileReference; lastKnownFileType = folder; name = Fixtures; path = SojournTests/Fixtures; sourceTree = SOURCE_ROOT; };
		FA5CB3BD97161CDF0AF67FA2 /* PaneHero.swift */ = {isa = PBXFileReference; lastKnownFileType = sourcecode.swift; path = PaneHero.swift; sourceTree = "<group>"; };
		FF63E8F9CAA2A0B02F398EB9 /* Spacing.swift */ = {isa = PBXFileReference; lastKnownFileType = sourcecode.swift; path = Spacing.swift; sourceTree = "<group>"; };
/* End PBXFileReference section */

/* Begin PBXFrameworksBuildPhase section */
		9C4284049F2422D90142F370 /* Frameworks */ = {
			isa = PBXFrameworksBuildPhase;
			buildActionMask = 2147483647;
			files = (
				FEC5097A5FFAE8DAAA7D7B3A /* Subprocess in Frameworks */,
				029D5D5DF9A3AADFEE4746E1 /* MenuBarExtraAccess in Frameworks */,
				7EB4436F77BF9F391CF0C28D /* Sparkle in Frameworks */,
			);
			runOnlyForDeploymentPostprocessing = 0;
		};
/* End PBXFrameworksBuildPhase section */

/* Begin PBXGroup section */
		0806AFC7526447A0384BA21B /* Resources */ = {
			isa = PBXGroup;
			children = (
				2A4824F5864A9EC3B55E6600 /* Assets.xcassets */,
				3A0B5A8BB60D9FFFA8948472 /* data */,
				6E6EE61BCBB43941CBEF30F4 /* Fonts */,
				9EA4AA76436DC69BBF10668F /* preference-domains.json */,
			);
			path = Resources;
			sourceTree = "<group>";
		};
		18A462662FCEF16C0D204450 /* App */ = {
			isa = PBXGroup;
			children = (
				CC7AC9EC2C343DE83DB1830A /* SojournApp.swift */,
			);
			path = App;
			sourceTree = "<group>";
		};
		1EBA80D95A728FBBF2987A09 /* Sojourn */ = {
			isa = PBXGroup;
			children = (
				18A462662FCEF16C0D204450 /* App */,
				5EA9D499A562581F2E8A75A4 /* Bootstrap */,
				EEB1C4FB05157293FD632FF0 /* Diagnostics */,
				7E4A820C2DD7097CAA0A5747 /* Models */,
				21C7E80FA257AE52360D6404 /* Persistence */,
				942254EA446B5DE0E0E19B88 /* Policy */,
				0806AFC7526447A0384BA21B /* Resources */,
				EE378B81245B443FC9659639 /* Secrets */,
				A85589FB5353EB5184A159B8 /* Services */,
				404D9A26341978D5165EA378 /* Store */,
				97BBF3630EA7774F06D0B51E /* Sync */,
				2832315DB68369190955BE2E /* UI */,
			);
			path = Sojourn;
			sourceTree = "<group>";
		};
		21C7E80FA257AE52360D6404 /* Persistence */ = {
			isa = PBXGroup;
			children = (
				BE87553CA8CCFF236BAD7935 /* .gitkeep */,
				95E397843E7AA4607A3DD54E /* AppSupportPaths.swift */,
				0E16DA51B87576598BAB7134 /* BackupsDirectory.swift */,
				519573B2007EA85FF61BF8F5 /* DeletionsDB.swift */,
				277FC75194E246A84AB1A2A9 /* HistoryDB.swift */,
				8C24BF87404E2C937B998CCE /* InstallSourceDetector.swift */,
				C454DA661BE5AA7E7BB4A276 /* SettingsStore.swift */,
				481F54F2BDF64F5380438AA6 /* SojournFileCodec.swift */,
				4F811FB480E52C17173F18BE /* StateDB.swift */,
				90C0FA8590D68C1D74288A32 /* VersionFile.swift */,
			);
			path = Persistence;
			sourceTree = "<group>";
		};
		229A8660CAFF1E38993C29D9 /* Products */ = {
			isa = PBXGroup;
			children = (
				3BF1AACCC465682DC48834DF /* MasHelper */,
				C40858EDF69CF14EA473AF3F /* Sojourn.app */,
				5067374206B171480C067C6A /* SojournTests.xctest */,
				BC0CD2FDD4876C335C51A7F6 /* SojournUITests.xctest */,
			);
			name = Products;
			sourceTree = "<group>";
		};
		2832315DB68369190955BE2E /* UI */ = {
			isa = PBXGroup;
			children = (
				3E2C81F1F7CEDB139F93278C /* Components.swift */,
				82A52B4280B84BAE4A95BCBF /* MainWindowView.swift */,
				3A7DAB9C286D5AEF17AC0A36 /* MenuBarRootView.swift */,
				B0A7A91337334537033977DB /* Modals.swift */,
				490214C4A2B5FAA45DAA370F /* Pane.swift */,
				6759066E988970C0FDB44D7E /* SettingsScene.swift */,
				670DC90A355D13E29835E079 /* Components */,
				F8282113DB6E84A8E9CAA88C /* Help */,
				F2BC5EEFDA029437BC3C07A9 /* Panes */,
				8AABA49F2F5B2DFC1D301995 /* Tokens */,
			);
			path = UI;
			sourceTree = "<group>";
		};
		404D9A26341978D5165EA378 /* Store */ = {
			isa = PBXGroup;
			children = (
				101837DD34BDE8DB72BE4924 /* .gitkeep */,
				CA1C48BDB71227E5F1B7662A /* AppStore.swift */,
			);
			path = Store;
			sourceTree = "<group>";
		};
		4154588CBA8382A4FA6FC72C /* Diagnostics */ = {
			isa = PBXGroup;
			children = (
				26AC85D34AC1D8A31E0EC1C3 /* RedactorTests.swift */,
			);
			path = Diagnostics;
			sourceTree = "<group>";
		};
		5BF9F126C4990185AB0C637A /* Sync */ = {
			isa = PBXGroup;
			children = (
				27657F22347EC0CCD4B14D5C /* .gitkeep */,
				CCD94D5F35C89F85DA2CEC8B /* ConflictResolverTests.swift */,
				B2F3D8B1FA0E7E41B914FD76 /* SyncMergeTargetTests.swift */,
				7FD1B4AC2223DF98A4D4AF30 /* SyncTests.swift */,
			);
			path = Sync;
			sourceTree = "<group>";
		};
		5EA9D499A562581F2E8A75A4 /* Bootstrap */ = {
			isa = PBXGroup;
			children = (
				94CB225DC00C02FB0F4068D9 /* BootstrapCoordinator.swift */,
				4A54E029B5D676EBB2312038 /* ToolInstaller.swift */,
				2A07B987FC38D4FE488E8704 /* ToolProbe.swift */,
			);
			path = Bootstrap;
			sourceTree = "<group>";
		};
		670DC90A355D13E29835E079 /* Components */ = {
			isa = PBXGroup;
			children = (
				C5BE1F259CD0D1BD30DA7DE1 /* Atoms.swift */,
				9379A483ED7A08C15144F74B /* LiquidGlass.swift */,
				EC1E1DC7914BD10A9F64131C /* Sidebar.swift */,
				81F879A8DCA19A0D5AA7B0AB /* SojournIcon.swift */,
				ABEBDD56226C708B2BB5B500 /* SojournIconMark.swift */,
			);
			path = Components;
			sourceTree = "<group>";
		};
		68DDFBD2FDD5F927026A5C50 /* Store */ = {
			isa = PBXGroup;
			children = (
				36003675808D66439A2DE0B8 /* AppStoreTests.swift */,
			);
			path = Store;
			sourceTree = "<group>";
		};
		7E06F7AAD39986DE48F7C6C4 /* Services */ = {
			isa = PBXGroup;
			children = (
				55D844D1916BAD352E960418 /* ANSIParserTests.swift */,
				8850C6C49AE8C25A8188705F /* BootstrapServiceMasInstallTests.swift */,
				789996000891BE42FD7BD49C /* BrewBundleServiceTests.swift */,
				A36CD6BB083EBA6FA642F71F /* CleanupServiceTests.swift */,
				0A6F6540986E83E02DB01AD6 /* ContainersServiceTests.swift */,
				D348ED12DCA9FB229774F3C4 /* GitServiceInboundCommitsTests.swift */,
				72893E315B28B7A4C2D41119 /* JobRunnerTests.swift */,
				1635E82D1CC28DB81B7AB96E /* JobRunnerTimeoutPolicyTests.swift */,
				2DD4943AD10D37C3DB9CFBC9 /* LogBufferTests.swift */,
				AD38BF30D6CBEB4EFF1A4FD7 /* MasHelperClientTests.swift */,
				012D1D3CEBF6D99B901ABA36 /* ServicesTests.swift */,
				D717FBA5804F28F8892BC95F /* SubprocessRunnerTests.swift */,
				3631080B96D92DFD843F72AE /* ToolLocatorTests.swift */,
			);
			path = Services;
			sourceTree = "<group>";
		};
		7E4A820C2DD7097CAA0A5747 /* Models */ = {
			isa = PBXGroup;
			children = (
				BB1FBD91A2515C0261DD4EFF /* AdvisoryReference.swift */,
				B90A0FD134A7FCFD56850E8F /* AutoUpdateTier.swift */,
				4CAA3F1AB2A8BAE4DFC84DC0 /* Brewfile.swift */,
				A8A0D4248D7F40715D7685E4 /* Conflict.swift */,
				46A3581F13A50DB09A6F343F /* CycloneDX.swift */,
				85CA5EF14259B836AD6AED4E /* DotfileOwner.swift */,
				D2DAB6CE172EE5970FC7D6BB /* Generation.swift */,
				E9E64BDF45BE87A78922A385 /* HistoryEntry.swift */,
				AC9423CDD9933BBCD7177ED4 /* InboundCommit.swift */,
				0D85488BB6DD8D0C67A7C27F /* InstallSource.swift */,
				C0814F9583EAFEE9FAF041AE /* Job.swift */,
				EDF057685B19AB3503933B08 /* MachineMetadata.swift */,
				3D1CE3F585241A7C3832E1FC /* ManagerSnapshot.swift */,
				AA82E2DC35BD66C0CCB3D31C /* OrphanCandidate.swift */,
				322525F6BFB0AE5CD82D448E /* PackageInventoryRow.swift */,
				92FBF1A32893C79F8C24CC6D /* PreferenceDomain.swift */,
				D95EF49879108ECD1297E756 /* PURL.swift */,
				B17DA112F156FC13EBFD8B18 /* Snapshot.swift */,
				67A4B09F86913C2562B8AD88 /* SubprocessError.swift */,
			);
			path = Models;
			sourceTree = "<group>";
		};
		8AABA49F2F5B2DFC1D301995 /* Tokens */ = {
			isa = PBXGroup;
			children = (
				1C83F21031C43182CA041AD1 /* Color+Sojourn.swift */,
				6534B3DB0424AE8E3E280F03 /* Font+Sojourn.swift */,
				5F02754CC930D40A6E8EC831 /* Radii.swift */,
				FF63E8F9CAA2A0B02F398EB9 /* Spacing.swift */,
			);
			path = Tokens;
			sourceTree = "<group>";
		};
		8E0736B113191C1BA50BF5DE /* Secrets */ = {
			isa = PBXGroup;
			children = (
				6351478579F8219B376DB5F7 /* KeychainBrokerTests.swift */,
			);
			path = Secrets;
			sourceTree = "<group>";
		};
		942254EA446B5DE0E0E19B88 /* Policy */ = {
			isa = PBXGroup;
			children = (
				8884B2AE7CA5668066930F1F /* AdvisoryService.swift */,
				0BADEBA10CB6637299E6E07E /* CooldownPolicy.swift */,
				E4FDE1104A51EA62C619BA04 /* TierClassifier.swift */,
			);
			path = Policy;
			sourceTree = "<group>";
		};
		97BBF3630EA7774F06D0B51E /* Sync */ = {
			isa = PBXGroup;
			children = (
				C715FB2104E0602E477DC8AF /* .gitkeep */,
				B5540A13628D2CEAF0961029 /* BackgroundActivity.swift */,
				A86908BAB32D478969681FAF /* ConflictResolver.swift */,
				D8327B5FB7E53D45F11AC2FE /* CooldownGate.swift */,
				A6DC18B5D24857B171B10510 /* SnapshotService.swift */,
				197100C16F14E6EF4B75D6E3 /* SyncCoordinator.swift */,
			);
			path = Sync;
			sourceTree = "<group>";
		};
		A85589FB5353EB5184A159B8 /* Services */ = {
			isa = PBXGroup;
			children = (
				1BDD342FB453E37289043AB0 /* ANSIParser.swift */,
				14A5F035C01184E1BF26CB2F /* BootstrapService.swift */,
				62253F977154A88AF1BCA3BD /* BrewBundleService.swift */,
				C51F95DC3AF05E699D7B7E96 /* BrewService.swift */,
				E6F0178D0AC4C6DD068C321E /* BundledResourceLocator.swift */,
				494B9E3CA3D4138CF9774417 /* ChezmoiService.swift */,
				C198F65D627EB6805DC3C20A /* CleanupService.swift */,
				AAB806B3F130A1371E112DC8 /* ContainersService.swift */,
				887AAF2686F9A376CC67B150 /* GenerationService.swift */,
				8DED6874FE4B27207A890E6E /* GitHubDeviceAuth.swift */,
				51654B4F53BDA5905226D68E /* GitService.swift */,
				F4207776C9EC0D4B31D82E91 /* JobRunner.swift */,
				75102F527B8749FB644C0444 /* LogBuffer.swift */,
				BF0F7E5B022F32A9CF6BF028 /* MacOSFeaturesService.swift */,
				281D14573DB2FA7953B5A7BD /* MasExecutableValidator.swift */,
				AC16F379586B175695E71BF2 /* MasHelperClient.swift */,
				EB4FE8184AADB56514189B5D /* MasHelperProtocol.swift */,
				4E429313D0E0FB1D51FABD2F /* MasService.swift */,
				8CF3E7F8591B56E1E9859A73 /* PrefService.swift */,
				07993C2265D99A08965BAA61 /* SecretScanService.swift */,
				D6059260CDDBEFAD1D8B25EE /* SojournLog.swift */,
				42E2ABBD80A9964361A8688C /* SparkleService.swift */,
				22DFD3E375E49A6409AE3812 /* SubprocessRunner.swift */,
				5531EFE3E6A6B9815FE6AA3D /* ToolLocator.swift */,
			);
			path = Services;
			sourceTree = "<group>";
		};
		AB9AA3A8D7302D9C5A55EDEF /* Bootstrap */ = {
			isa = PBXGroup;
			children = (
				1D5FA41A6CFE57A332299D96 /* ToolProbeTests.swift */,
			);
			path = Bootstrap;
			sourceTree = "<group>";
		};
		B4FF4AA89A4A5AD98E04D03A /* Persistence */ = {
			isa = PBXGroup;
			children = (
				22514EEE2D61221B194F8C5F /* HistoryDBTests.swift */,
				78D3E34CEC39749CE7D6E198 /* PersistenceTests.swift */,
			);
			path = Persistence;
			sourceTree = "<group>";
		};
		CF76E690AD8AD900E4A6E886 /* Power */ = {
			isa = PBXGroup;
			children = (
				B4EE7ECBC1A37D8F0DFF9DCD /* PowerSurfaces.swift */,
			);
			path = Power;
			sourceTree = "<group>";
		};
		E34DB116FC2DC6D41E6A6108 /* SojournTests */ = {
			isa = PBXGroup;
			children = (
				F6B2E4CDB667C8A900D0EC01 /* Fixtures */,
				AB9AA3A8D7302D9C5A55EDEF /* Bootstrap */,
				4154588CBA8382A4FA6FC72C /* Diagnostics */,
				B4FF4AA89A4A5AD98E04D03A /* Persistence */,
				8E0736B113191C1BA50BF5DE /* Secrets */,
				7E06F7AAD39986DE48F7C6C4 /* Services */,
				68DDFBD2FDD5F927026A5C50 /* Store */,
				5BF9F126C4990185AB0C637A /* Sync */,
				F1442FEEC8CE2C44F232A4B1 /* TestSupport */,
			);
			path = SojournTests;
			sourceTree = "<group>";
		};
		E4390F68A76BDF2A31AB03C1 /* MasHelper */ = {
			isa = PBXGroup;
			children = (
				8D6ADA76780BBF30B8F9F8D3 /* main.swift */,
				885D1B68EB7366BB93BB0DFA /* MasHelperService.swift */,
			);
			path = MasHelper;
			sourceTree = "<group>";
		};
		E7BED3DB067A81B0C64AE9EC /* SojournUITests */ = {
			isa = PBXGroup;
			children = (
				B10DD40CBD9A7ADFED1E94D4 /* SojournUITests.swift */,
			);
			path = SojournUITests;
			sourceTree = "<group>";
		};
		EE378B81245B443FC9659639 /* Secrets */ = {
			isa = PBXGroup;
			children = (
				EDA4FD795AD7787A7A6C0461 /* AgeBroker.swift */,
				51D4324400DB044163B9E9C9 /* KeychainBroker.swift */,
				5217EB2276E28CBD960CFE45 /* SecretBroker.swift */,
			);
			path = Secrets;
			sourceTree = "<group>";
		};
		EEB1C4FB05157293FD632FF0 /* Diagnostics */ = {
			isa = PBXGroup;
			children = (
				E4852A96E28C5AE7EFD35C49 /* DiagnosticBundle.swift */,
				B138DB8D40A2A098C28ED4CB /* LogExporter.swift */,
				3A05293DDD6F76E28F023833 /* Redactor.swift */,
			);
			path = Diagnostics;
			sourceTree = "<group>";
		};
		F1442FEEC8CE2C44F232A4B1 /* TestSupport */ = {
			isa = PBXGroup;
			children = (
				A64D32536414511C9E9911C6 /* Bundle+Fixtures.swift */,
			);
			path = TestSupport;
			sourceTree = "<group>";
		};
		F1B336C23BC566D8FC6623BC = {
			isa = PBXGroup;
			children = (
				E4390F68A76BDF2A31AB03C1 /* MasHelper */,
				1EBA80D95A728FBBF2987A09 /* Sojourn */,
				E34DB116FC2DC6D41E6A6108 /* SojournTests */,
				E7BED3DB067A81B0C64AE9EC /* SojournUITests */,
				229A8660CAFF1E38993C29D9 /* Products */,
			);
			sourceTree = "<group>";
		};
		F2BC5EEFDA029437BC3C07A9 /* Panes */ = {
			isa = PBXGroup;
			children = (
				B155502B536A71BBC60866A8 /* .gitkeep */,
				7B75E2CD72BA992F32BCEB9C /* AdvisoriesPane.swift */,
				917C3CA7A3B22318CCEC81F1 /* CleanupPane.swift */,
				A7BBFBFD2E7DDE3A05F343A7 /* ConflictsPane.swift */,
				37F9681D54DC8472566008C6 /* ContainersPane.swift */,
				5F73FECB65986451C136A8A2 /* DiagnosticsPane.swift */,
				4B4C7A81F96BAD6A1DB0EAA0 /* DotfilesPane.swift */,
				0DFAB02C29720FAB30864DCB /* GenerationsPane.swift */,
				CA4F5ED6020A23F564C5E5AD /* HistoryPane.swift */,
				A32D3727C5D946D5B3FF0878 /* MachinesPane.swift */,
				C943BF48C79C037DE50364AE /* MacOSFeaturesPane.swift */,
				382E9466BCD14C7A5C4CA0A7 /* OnboardPane.swift */,
				6E84E3C18E0943ADC546FB00 /* OverviewPane.swift */,
				E85F38538D64D3F9E1B06485 /* PackagesPane.swift */,
				CF1E3144BE28D91718747B24 /* PackagesPaneModels.swift */,
				FA5CB3BD97161CDF0AF67FA2 /* PaneHero.swift */,
				DC453885D2E108F361A7299D /* PreferencesPane.swift */,
				50E78DBDD1F8570D95723E0D /* SecretsPane.swift */,
				B196BE3A97C394DA91D92949 /* SettingsPaneEmbedded.swift */,
				22AD4B1C7B6A1407A58F651A /* SyncPane.swift */,
				CF76E690AD8AD900E4A6E886 /* Power */,
			);
			path = Panes;
			sourceTree = "<group>";
		};
		F8282113DB6E84A8E9CAA88C /* Help */ = {
			isa = PBXGroup;
			children = (
				1C2E6D67A2EE7A536B7FED0A /* ArchitectureView.swift */,
			);
			path = Help;
			sourceTree = "<group>";
		};
/* End PBXGroup section */

/* Begin PBXNativeTarget section */
		336FFBA988AC531D54137038 /* SojournUITests */ = {
			isa = PBXNativeTarget;
			buildConfigurationList = D0C1628D69FE27EBB46460EC /* Build configuration list for PBXNativeTarget "SojournUITests" */;
			buildPhases = (
				D1D37EF70BFB995277458E9F /* Sources */,
			);
			buildRules = (
			);
			dependencies = (
				D6206AF8934CE78F85B004C9 /* PBXTargetDependency */,
			);
			name = SojournUITests;
			packageProductDependencies = (
			);
			productName = SojournUITests;
			productReference = BC0CD2FDD4876C335C51A7F6 /* SojournUITests.xctest */;
			productType = "com.apple.product-type.bundle.ui-testing";
		};
		7DA063196B509545940AC43B /* SojournTests */ = {
			isa = PBXNativeTarget;
			buildConfigurationList = C61FD30EEAA27CE94DB738B9 /* Build configuration list for PBXNativeTarget "SojournTests" */;
			buildPhases = (
				CF44BC5C1163836DA373ED64 /* Sources */,
				F2F2A60DE65C03CC955BC990 /* Resources */,
			);
			buildRules = (
			);
			dependencies = (
				70C82EA66B9FA3604114CDB1 /* PBXTargetDependency */,
			);
			name = SojournTests;
			packageProductDependencies = (
			);
			productName = SojournTests;
			productReference = 5067374206B171480C067C6A /* SojournTests.xctest */;
			productType = "com.apple.product-type.bundle.unit-test";
		};
		91A31580165B19BE5C6D6C8B /* MasHelper */ = {
			isa = PBXNativeTarget;
			buildConfigurationList = B2C6763179968C37CC3588BC /* Build configuration list for PBXNativeTarget "MasHelper" */;
			buildPhases = (
				1F71087C640EB8BDBF15AE48 /* Sources */,
			);
			buildRules = (
			);
			dependencies = (
			);
			name = MasHelper;
			packageProductDependencies = (
			);
			productName = MasHelper;
			productReference = 3BF1AACCC465682DC48834DF /* MasHelper */;
			productType = "com.apple.product-type.tool";
		};
		940E88B3F1FF4F0B348B13A6 /* Sojourn */ = {
			isa = PBXNativeTarget;
			buildConfigurationList = 2D4A2A3120869E1A7EFCC9F7 /* Build configuration list for PBXNativeTarget "Sojourn" */;
			buildPhases = (
				03461247699E2EA98CD75132 /* Re-sign bundled binaries */,
				4238063442628CD3CA847C39 /* Sources */,
				7C1898715F990B521D28067B /* Resources */,
				9C4284049F2422D90142F370 /* Frameworks */,
				B13F7BEE7DDF897669AC04AE /* Embed MasHelper binary + launchd plist */,
			);
			buildRules = (
			);
			dependencies = (
				1BC543AB0DB7E6DDC3D36566 /* PBXTargetDependency */,
			);
			name = Sojourn;
			packageProductDependencies = (
				39BF93AAF2A4FCFC7EBAD55E /* Subprocess */,
				B7BF6B03C13860CCD1E85526 /* MenuBarExtraAccess */,
				6D20408C069D9385AE80FE87 /* Sparkle */,
			);
			productName = Sojourn;
			productReference = C40858EDF69CF14EA473AF3F /* Sojourn.app */;
			productType = "com.apple.product-type.application";
		};
/* End PBXNativeTarget section */

/* Begin PBXProject section */
		8859980E698820D5DE487503 /* Project object */ = {
			isa = PBXProject;
			attributes = {
				BuildIndependentTargetsInParallel = YES;
				LastUpgradeCheck = 2600;
				TargetAttributes = {
					336FFBA988AC531D54137038 = {
						DevelopmentTeam = "";
						ProvisioningStyle = Automatic;
						TestTargetID = 940E88B3F1FF4F0B348B13A6;
					};
					7DA063196B509545940AC43B = {
						DevelopmentTeam = "";
						ProvisioningStyle = Automatic;
					};
					91A31580165B19BE5C6D6C8B = {
						DevelopmentTeam = "";
						ProvisioningStyle = Automatic;
					};
					940E88B3F1FF4F0B348B13A6 = {
						DevelopmentTeam = "";
						ProvisioningStyle = Automatic;
					};
				};
			};
			buildConfigurationList = B57B0B1BF75E6527A6968C19 /* Build configuration list for PBXProject "Sojourn" */;
			developmentRegion = en;
			hasScannedForEncodings = 0;
			knownRegions = (
				Base,
				en,
			);
			mainGroup = F1B336C23BC566D8FC6623BC;
			minimizedProjectReferenceProxies = 1;
			packageReferences = (
				6604167E2ABE1EBEEF5A47E4 /* XCRemoteSwiftPackageReference "MenuBarExtraAccess" */,
				D5D4224684365BBEC79F19EA /* XCRemoteSwiftPackageReference "Sparkle" */,
				1059625C2ECBD3457AD1FA4C /* XCRemoteSwiftPackageReference "swift-subprocess" */,
			);
			preferredProjectObjectVersion = 77;
			productRefGroup = 229A8660CAFF1E38993C29D9 /* Products */;
			projectDirPath = "";
			projectRoot = "";
			targets = (
				91A31580165B19BE5C6D6C8B /* MasHelper */,
				940E88B3F1FF4F0B348B13A6 /* Sojourn */,
				7DA063196B509545940AC43B /* SojournTests */,
				336FFBA988AC531D54137038 /* SojournUITests */,
			);
		};
/* End PBXProject section */

/* Begin PBXResourcesBuildPhase section */
		7C1898715F990B521D28067B /* Resources */ = {
			isa = PBXResourcesBuildPhase;
			buildActionMask = 2147483647;
			files = (
				76C4D229315D3F731D5DC12F /* Assets.xcassets in Resources */,
				14AC4C6C18F2127EE503F9B6 /* Fonts in Resources */,
				B179B127C52855C03A973F00 /* data in Resources */,
				785080844222D2999E6B8F09 /* preference-domains.json in Resources */,
			);
			runOnlyForDeploymentPostprocessing = 0;
		};
		F2F2A60DE65C03CC955BC990 /* Resources */ = {
			isa = PBXResourcesBuildPhase;
			buildActionMask = 2147483647;
			files = (
				80AA65AC31C8757820AAFDE3 /* Fixtures in Resources */,
			);
			runOnlyForDeploymentPostprocessing = 0;
		};
/* End PBXResourcesBuildPhase section */

/* Begin PBXShellScriptBuildPhase section */
		03461247699E2EA98CD75132 /* Re-sign bundled binaries */ = {
			isa = PBXShellScriptBuildPhase;
			alwaysOutOfDate = 1;
			buildActionMask = 2147483647;
			files = (
			);
			inputFileListPaths = (
			);
			inputPaths = (
			);
			name = "Re-sign bundled binaries";
			outputFileListPaths = (
			);
			outputPaths = (
			);
			runOnlyForDeploymentPostprocessing = 0;
			shellPath = /bin/sh;
			shellScript = "# Re-sign gitleaks and age with hardened runtime\n# See docs/ARCHITECTURE.md §11 (bundled binaries)\nif [ -f \"${SRCROOT}/scripts/sign.sh\" ]; then\n  \"${SRCROOT}/scripts/sign.sh\" \"${BUILT_PRODUCTS_DIR}/${PRODUCT_NAME}.app/Contents/Resources/bin\"\nfi\n";
		};
		B13F7BEE7DDF897669AC04AE /* Embed MasHelper binary + launchd plist */ = {
			isa = PBXShellScriptBuildPhase;
			alwaysOutOfDate = 1;
			buildActionMask = 2147483647;
			files = (
			);
			inputFileListPaths = (
			);
			inputPaths = (
				"$(SRCROOT)/MasHelper/Launchd.plist",
				"$(BUILT_PRODUCTS_DIR)/industries.bizarre.Sojourn.helper",
			);
			name = "Embed MasHelper binary + launchd plist";
			outputFileListPaths = (
			);
			outputPaths = (
				"$(BUILT_PRODUCTS_DIR)/$(PRODUCT_NAME).app/Contents/MacOS/industries.bizarre.Sojourn.helper",
				"$(BUILT_PRODUCTS_DIR)/$(PRODUCT_NAME).app/Contents/Library/LaunchDaemons/industries.bizarre.Sojourn.helper.plist",
			);
			runOnlyForDeploymentPostprocessing = 0;
			shellPath = /bin/sh;
			shellScript = "# SMAppService.daemon(plistName:) requires:\n#   1) helper binary at Contents/MacOS/<helper-name>\n#   2) launchd plist at Contents/Library/LaunchDaemons/<plist-name>\n# The plist's BundleProgram field points at the binary's\n# bundle-relative path. Per ADR-0024 + council 2026-05-03.\nset -euo pipefail\napp_bundle=\"${BUILT_PRODUCTS_DIR}/${PRODUCT_NAME}.app\"\nsrc_bin=\"${BUILT_PRODUCTS_DIR}/industries.bizarre.Sojourn.helper\"\ndst_bin_dir=\"${app_bundle}/Contents/MacOS\"\ndst_plist_dir=\"${app_bundle}/Contents/Library/LaunchDaemons\"\n\nmkdir -p \"${dst_bin_dir}\" \"${dst_plist_dir}\"\ncp \"${src_bin}\" \"${dst_bin_dir}/industries.bizarre.Sojourn.helper\"\ncp \"${SRCROOT}/MasHelper/Launchd.plist\" \"${dst_plist_dir}/industries.bizarre.Sojourn.helper.plist\"\n\n# Re-codesign the embedded binary in the same step. Without\n# this the helper retains its standalone signature which\n# references its original path, and macOS rejects the\n# SMAppService.register() call.\nif [ -n \"${EXPANDED_CODE_SIGN_IDENTITY:-}\" ]; then\n  codesign --force --options=runtime \\\n    --entitlements \"${SRCROOT}/MasHelper/MasHelper.entitlements\" \\\n    --sign \"${EXPANDED_CODE_SIGN_IDENTITY}\" \\\n    \"${dst_bin_dir}/industries.bizarre.Sojourn.helper\"\nelse\n  codesign --force --sign - \\\n    --entitlements \"${SRCROOT}/MasHelper/MasHelper.entitlements\" \\\n    \"${dst_bin_dir}/industries.bizarre.Sojourn.helper\"\nfi\n";
		};
/* End PBXShellScriptBuildPhase section */

/* Begin PBXSourcesBuildPhase section */
		1F71087C640EB8BDBF15AE48 /* Sources */ = {
			isa = PBXSourcesBuildPhase;
			buildActionMask = 2147483647;
			files = (
				C980A3B327D62468DB094D24 /* MasExecutableValidator.swift in Sources */,
				611FBB090546801CDE52B8A7 /* MasHelperProtocol.swift in Sources */,
				A9A1ACC2E910BABFA68FCDA2 /* MasHelperService.swift in Sources */,
				E83D3436EED0F981FD480712 /* main.swift in Sources */,
			);
			runOnlyForDeploymentPostprocessing = 0;
		};
		4238063442628CD3CA847C39 /* Sources */ = {
			isa = PBXSourcesBuildPhase;
			buildActionMask = 2147483647;
			files = (
				2B3E1342F39ED82478E6D339 /* ANSIParser.swift in Sources */,
				19015140F1CC02CD00D3BFF8 /* AdvisoriesPane.swift in Sources */,
				7F4A4A10C94FD64082D138E3 /* AdvisoryReference.swift in Sources */,
				33A0D8F52C71675A0C748F02 /* AdvisoryService.swift in Sources */,
				4AB1BACFB2400962D5F880A7 /* AgeBroker.swift in Sources */,
				9453FF999E25CAABF33361EC /* AppStore.swift in Sources */,
				735FB5111FAFC6F9433CE554 /* AppSupportPaths.swift in Sources */,
				A1000D74EE7DBDEDD6CB5F79 /* ArchitectureView.swift in Sources */,
				7929541C3C9A0747B00C0B82 /* Atoms.swift in Sources */,
				BFB171F5BB6318C71D640141 /* AutoUpdateTier.swift in Sources */,
				00A969D442931F5B06432881 /* BackgroundActivity.swift in Sources */,
				B475679D0AD785BB136FC9D2 /* BackupsDirectory.swift in Sources */,
				781CC93FC10184CD1BA3927E /* BootstrapCoordinator.swift in Sources */,
				DE03A44AB78A511EEE4CD4F1 /* BootstrapService.swift in Sources */,
				9D92A61401379AAAE305DE8D /* BrewBundleService.swift in Sources */,
				247920E87C1C4DE550730A4A /* BrewService.swift in Sources */,
				A41A6E357036CADB2C272B93 /* Brewfile.swift in Sources */,
				02A2099413A379DC3F048016 /* BundledResourceLocator.swift in Sources */,
				8FA89585B9D478180E588471 /* ChezmoiService.swift in Sources */,
				51FFB7477224BF2F58CFB77E /* CleanupPane.swift in Sources */,
				88B110F47D49F67CC718D40D /* CleanupService.swift in Sources */,
				85DAEDEC243ABC8E694CAC26 /* Color+Sojourn.swift in Sources */,
				8D1F43019FE87FB7E3B869B1 /* Components.swift in Sources */,
				37441384AFE282EE64098F7F /* Conflict.swift in Sources */,
				E164DFB8698F47103D3AC30B /* ConflictResolver.swift in Sources */,
				9FA218689F0D23FB8BE9C69F /* ConflictsPane.swift in Sources */,
				E03EFF2897106D6F59B2E163 /* ContainersPane.swift in Sources */,
				17DFB6CB02C6706A383753FC /* ContainersService.swift in Sources */,
				823B02AD39D276B7611D93C9 /* CooldownGate.swift in Sources */,
				3FE854E2818C457EBFE8E369 /* CooldownPolicy.swift in Sources */,
				3940C3367832563077AA2786 /* CycloneDX.swift in Sources */,
				262B5F3716E1AC7A9612369A /* DeletionsDB.swift in Sources */,
				A7B98E701D5EBDB9570D49F7 /* DiagnosticBundle.swift in Sources */,
				5E34B40CBCF540DA3F3A74FF /* DiagnosticsPane.swift in Sources */,
				821CF9439A3A22FDBE3106C9 /* DotfileOwner.swift in Sources */,
				527CE4A5051F3BDD51B486E4 /* DotfilesPane.swift in Sources */,
				0525C3C48DB06953B174E5E1 /* Font+Sojourn.swift in Sources */,
				BCD0622CDB162310CFD7A2E3 /* Generation.swift in Sources */,
				4B4A8ADACF22F71ED24B76A2 /* GenerationService.swift in Sources */,
				D7151A2078906FDB7B990AD6 /* GenerationsPane.swift in Sources */,
				13CED2766FF188E9F0C1D8A9 /* GitHubDeviceAuth.swift in Sources */,
				F6BF2FC143BC1E32029089C9 /* GitService.swift in Sources */,
				592812DD4D79A19E29AE9854 /* HistoryDB.swift in Sources */,
				1D1E0ECF892F0FA35A6CCADF /* HistoryEntry.swift in Sources */,
				2CDD05A9671A6816D898F30D /* HistoryPane.swift in Sources */,
				BD3DEBF934660090463D393E /* InboundCommit.swift in Sources */,
				DBE5E28C18D60EB11AC4CCE6 /* InstallSource.swift in Sources */,
				F717053AAA010387755CA207 /* InstallSourceDetector.swift in Sources */,
				4DE366BB1A9A86717FCF2ABE /* Job.swift in Sources */,
				0ED1AAAEAADA7250AF998BA2 /* JobRunner.swift in Sources */,
				46C9573E46A6D56C4EBE855D /* KeychainBroker.swift in Sources */,
				2A8DAE1EF876120D899253E7 /* LiquidGlass.swift in Sources */,
				52EDC71EEB3F6B1019200816 /* LogBuffer.swift in Sources */,
				A89F889B6885C77574D1A9DB /* LogExporter.swift in Sources */,
				BACB75269B81A8C0DAF85490 /* MacOSFeaturesPane.swift in Sources */,
				191866534A9570E447AEA969 /* MacOSFeaturesService.swift in Sources */,
				C44DB6B79B4C736DEC87106E /* MachineMetadata.swift in Sources */,
				368EF18A0521C70C0CFA7796 /* MachinesPane.swift in Sources */,
				E72C0687340E4387E829A79E /* MainWindowView.swift in Sources */,
				F40C659088BA7D50CF171576 /* ManagerSnapshot.swift in Sources */,
				1AC66B55A03741440AA97840 /* MasExecutableValidator.swift in Sources */,
				AB65C0850E45096716071226 /* MasHelperClient.swift in Sources */,
				AA33BC82E753FD68DFD4B771 /* MasHelperProtocol.swift in Sources */,
				C9B5636F619F4D29C1EC1E72 /* MasService.swift in Sources */,
				94AE39249B6367213125F76E /* MenuBarRootView.swift in Sources */,
				7B98835FDA9E4A886C5F474B /* Modals.swift in Sources */,
				5637BD907CE29C5CEA91B8EB /* OnboardPane.swift in Sources */,
				C63650F6F57BDB8D36CDC7E9 /* OrphanCandidate.swift in Sources */,
				B8384A446BAC0005B38572E7 /* OverviewPane.swift in Sources */,
				F92E6B88164044C942516052 /* PURL.swift in Sources */,
				7F38908B3151F7AD0E7D1868 /* PackageInventoryRow.swift in Sources */,
				E4AE7D402977E4174F6AA917 /* PackagesPane.swift in Sources */,
				EC09A5B3183BEB61809AC07E /* PackagesPaneModels.swift in Sources */,
				CECA18FC532B5949256AC8AD /* Pane.swift in Sources */,
				9B7B02C7B9DAF18D4D1DD0B6 /* PaneHero.swift in Sources */,
				B5B77E5BF67EB533A05BB8E1 /* PowerSurfaces.swift in Sources */,
				96569C952E7FBF0DA8BF89A5 /* PrefService.swift in Sources */,
				7BD820423453D94C76D6AC14 /* PreferenceDomain.swift in Sources */,
				7306D135492D8656BD304B68 /* PreferencesPane.swift in Sources */,
				95D73349E1FF7B04100F3CA1 /* Radii.swift in Sources */,
				334C86762DE50C1AAA887944 /* Redactor.swift in Sources */,
				7D12230599E03128063CB41D /* SecretBroker.swift in Sources */,
				AE7C259E9B5D4CE6322916C8 /* SecretScanService.swift in Sources */,
				B71E89C2CE6E01C7C708E066 /* SecretsPane.swift in Sources */,
				C26B80A1439501C9C8E646D5 /* SettingsPaneEmbedded.swift in Sources */,
				238667233329CC95B7AA7686 /* SettingsScene.swift in Sources */,
				752719910F7FCAAC7519C880 /* SettingsStore.swift in Sources */,
				0D148516CCF22EFBD2934A6C /* Sidebar.swift in Sources */,
				1D1AFC6E3F699596754D80BE /* Snapshot.swift in Sources */,
				3DC302B761053F66DD082972 /* SnapshotService.swift in Sources */,
				4A5F2856940C55ECD4D50CCC /* SojournApp.swift in Sources */,
				261BEFF3AAF79386E014FBD9 /* SojournFileCodec.swift in Sources */,
				ABB5C20DDEE082F71A36EF69 /* SojournIcon.swift in Sources */,
				E8CF049FDC844E6B057A072A /* SojournIconMark.swift in Sources */,
				2AAEE78D2F3B8A48BFA7B6AA /* SojournLog.swift in Sources */,
				D8E561923A9C07751DB4532E /* Spacing.swift in Sources */,
				54BFA029AD66E7C96A082952 /* SparkleService.swift in Sources */,
				7F35922412987A6980939F44 /* StateDB.swift in Sources */,
				84ED767DF156511C5A5411CD /* SubprocessError.swift in Sources */,
				96F5B9D644CDA14A4F97D25B /* SubprocessRunner.swift in Sources */,
				19ED9BB99FD79A3F00DE09A4 /* SyncCoordinator.swift in Sources */,
				179261F6F3193B0C6BEFA5DA /* SyncPane.swift in Sources */,
				B1E47258664B961849BF56AE /* TierClassifier.swift in Sources */,
				0E792AE4E8E5115DA09570DA /* ToolInstaller.swift in Sources */,
				09E0C0FA877B857BB17F524D /* ToolLocator.swift in Sources */,
				7DC5BAB597CF4ECE62CDE01C /* ToolProbe.swift in Sources */,
				FC1D01347E391EEB39B26838 /* VersionFile.swift in Sources */,
			);
			runOnlyForDeploymentPostprocessing = 0;
		};
		CF44BC5C1163836DA373ED64 /* Sources */ = {
			isa = PBXSourcesBuildPhase;
			buildActionMask = 2147483647;
			files = (
				AF41D0A179C38D3AFA59E55A /* ANSIParserTests.swift in Sources */,
				A5BFC169446EF6AD09D8BCD9 /* AppStoreTests.swift in Sources */,
				25EB7D923435FBC4FFE63FC7 /* BootstrapServiceMasInstallTests.swift in Sources */,
				49A81F046E48A7BBAB1382E9 /* BrewBundleServiceTests.swift in Sources */,
				1B511F22B7852AF15BAE3CE2 /* Bundle+Fixtures.swift in Sources */,
				70AEDCB3E9609070650F669A /* CleanupServiceTests.swift in Sources */,
				249227C9D716AEFAE9F37265 /* ConflictResolverTests.swift in Sources */,
				A250E0AD51950D6B334A5001 /* ContainersServiceTests.swift in Sources */,
				BD749CDE10A09D2DC52D5BE8 /* GitServiceInboundCommitsTests.swift in Sources */,
				566B9302B5EF701E96BC9450 /* HistoryDBTests.swift in Sources */,
				E50919FD33E2914DF758D069 /* JobRunnerTests.swift in Sources */,
				85BADF9EB318C9F3BD3588AE /* JobRunnerTimeoutPolicyTests.swift in Sources */,
				739CFE8BD8A15E3E95B5B376 /* KeychainBrokerTests.swift in Sources */,
				6AC8674D8D977F7C108ADF81 /* LogBufferTests.swift in Sources */,
				4BAE706F0368C1E47768E36C /* MasHelperClientTests.swift in Sources */,
				DEC7987D1C49E0302153500B /* PersistenceTests.swift in Sources */,
				3459760BF114763DEA982DC3 /* RedactorTests.swift in Sources */,
				ABF59B843BD9670834DF9AB3 /* ServicesTests.swift in Sources */,
				508C867592BF7AA7D2D54400 /* SubprocessRunnerTests.swift in Sources */,
				A73BAE6B0DA18AE332A12AF6 /* SyncMergeTargetTests.swift in Sources */,
				82E2BD848C18FE0B35BA6483 /* SyncTests.swift in Sources */,
				C6E76168AC77E5F2B66C1A00 /* ToolLocatorTests.swift in Sources */,
				F0C1DCDB2BC208481EBF15E2 /* ToolProbeTests.swift in Sources */,
			);
			runOnlyForDeploymentPostprocessing = 0;
		};
		D1D37EF70BFB995277458E9F /* Sources */ = {
			isa = PBXSourcesBuildPhase;
			buildActionMask = 2147483647;
			files = (
				5B90DE31FC7F4180A0AF34B8 /* SojournUITests.swift in Sources */,
			);
			runOnlyForDeploymentPostprocessing = 0;
		};
/* End PBXSourcesBuildPhase section */

/* Begin PBXTargetDependency section */
		1BC543AB0DB7E6DDC3D36566 /* PBXTargetDependency */ = {
			isa = PBXTargetDependency;
			target = 91A31580165B19BE5C6D6C8B /* MasHelper */;
			targetProxy = C34A9E6A23B2D74308BEF6AE /* PBXContainerItemProxy */;
		};
		70C82EA66B9FA3604114CDB1 /* PBXTargetDependency */ = {
			isa = PBXTargetDependency;
			target = 940E88B3F1FF4F0B348B13A6 /* Sojourn */;
			targetProxy = AA1E9A8F51EBDF161899C416 /* PBXContainerItemProxy */;
		};
		D6206AF8934CE78F85B004C9 /* PBXTargetDependency */ = {
			isa = PBXTargetDependency;
			target = 940E88B3F1FF4F0B348B13A6 /* Sojourn */;
			targetProxy = 8D8FDEE0D8BB2633AC860015 /* PBXContainerItemProxy */;
		};
/* End PBXTargetDependency section */

/* Begin XCBuildConfiguration section */
		00911198A434F6B629857350 /* Release */ = {
			isa = XCBuildConfiguration;
			buildSettings = {
				BUNDLE_LOADER = "$(TEST_HOST)";
				COMBINE_HIDPI_IMAGES = YES;
				GENERATE_INFOPLIST_FILE = YES;
				LD_RUNPATH_SEARCH_PATHS = (
					"$(inherited)",
					"@executable_path/Frameworks",
					"@loader_path/Frameworks",
				);
				PRODUCT_BUNDLE_IDENTIFIER = app.bizarre.sojourn.uitests;
				SDKROOT = macosx;
				SWIFT_EMIT_LOC_STRINGS = NO;
				TEST_TARGET_NAME = Sojourn;
			};
			name = Release;
		};
		0E9E4FFE30874D4F1DA58569 /* Debug */ = {
			isa = XCBuildConfiguration;
			buildSettings = {
				ALWAYS_SEARCH_USER_PATHS = NO;
				ASSETCATALOG_COMPILER_APPICON_NAME = AppIcon;
				ASSETCATALOG_COMPILER_GLOBAL_ACCENT_COLOR_NAME = AccentColor;
				CLANG_ANALYZER_NONNULL = YES;
				CLANG_ANALYZER_NUMBER_OBJECT_CONVERSION = YES_AGGRESSIVE;
				CLANG_CXX_LANGUAGE_STANDARD = "gnu++14";
				CLANG_CXX_LIBRARY = "libc++";
				CLANG_ENABLE_MODULES = YES;
				CLANG_ENABLE_OBJC_ARC = YES;
				CLANG_ENABLE_OBJC_WEAK = YES;
				CLANG_WARN_BLOCK_CAPTURE_AUTORELEASING = YES;
				CLANG_WARN_BOOL_CONVERSION = YES;
				CLANG_WARN_COMMA = YES;
				CLANG_WARN_CONSTANT_CONVERSION = YES;
				CLANG_WARN_DEPRECATED_OBJC_IMPLEMENTATIONS = YES;
				CLANG_WARN_DIRECT_OBJC_ISA_USAGE = YES_ERROR;
				CLANG_WARN_DOCUMENTATION_COMMENTS = YES;
				CLANG_WARN_EMPTY_BODY = YES;
				CLANG_WARN_ENUM_CONVERSION = YES;
				CLANG_WARN_INFINITE_RECURSION = YES;
				CLANG_WARN_INT_CONVERSION = YES;
				CLANG_WARN_NON_LITERAL_NULL_CONVERSION = YES;
				CLANG_WARN_OBJC_IMPLICIT_RETAIN_SELF = YES;
				CLANG_WARN_OBJC_LITERAL_CONVERSION = YES;
				CLANG_WARN_OBJC_ROOT_CLASS = YES_ERROR;
				CLANG_WARN_QUOTED_INCLUDE_IN_FRAMEWORK_HEADER = YES;
				CLANG_WARN_RANGE_LOOP_ANALYSIS = YES;
				CLANG_WARN_STRICT_PROTOTYPES = YES;
				CLANG_WARN_SUSPICIOUS_MOVE = YES;
				CLANG_WARN_UNGUARDED_AVAILABILITY = YES_AGGRESSIVE;
				CLANG_WARN_UNREACHABLE_CODE = YES;
				CLANG_WARN__DUPLICATE_METHOD_MATCH = YES;
				CODE_SIGN_STYLE = Automatic;
				COPY_PHASE_STRIP = NO;
				DEBUG_INFORMATION_FORMAT = dwarf;
				DEVELOPMENT_TEAM = "";
				ENABLE_HARDENED_RUNTIME = YES;
				ENABLE_STRICT_OBJC_MSGSEND = YES;
				ENABLE_TESTABILITY = YES;
				GCC_C_LANGUAGE_STANDARD = gnu11;
				GCC_DYNAMIC_NO_PIC = NO;
				GCC_NO_COMMON_BLOCKS = YES;
				GCC_OPTIMIZATION_LEVEL = 0;
				GCC_PREPROCESSOR_DEFINITIONS = (
					"$(inherited)",
					"DEBUG=1",
				);
				GCC_WARN_64_TO_32_BIT_CONVERSION = YES;
				GCC_WARN_ABOUT_RETURN_TYPE = YES_ERROR;
				GCC_WARN_UNDECLARED_SELECTOR = YES;
				GCC_WARN_UNINITIALIZED_AUTOS = YES_AGGRESSIVE;
				GCC_WARN_UNUSED_FUNCTION = YES;
				GCC_WARN_UNUSED_VARIABLE = YES;
				MACOSX_DEPLOYMENT_TARGET = 26.0;
				MTL_ENABLE_DEBUG_INFO = INCLUDE_SOURCE;
				MTL_FAST_MATH = YES;
				ONLY_ACTIVE_ARCH = YES;
				PRODUCT_NAME = "$(TARGET_NAME)";
				SDKROOT = macosx;
				SWIFT_ACTIVE_COMPILATION_CONDITIONS = DEBUG;
				SWIFT_OPTIMIZATION_LEVEL = "-Onone";
				SWIFT_STRICT_CONCURRENCY = complete;
				SWIFT_UPCOMING_FEATURE_EXISTENTIAL_ANY = YES;
				SWIFT_UPCOMING_FEATURE_INTERNAL_IMPORTS_BY_DEFAULT = YES;
				SWIFT_VERSION = 6.1;
			};
			name = Debug;
		};
		5CC4F7F4C027C06BA4EB3D29 /* Debug */ = {
			isa = XCBuildConfiguration;
			buildSettings = {
				ASSETCATALOG_COMPILER_APPICON_NAME = AppIcon;
				CODE_SIGN_ENTITLEMENTS = Sojourn/SojournDebug.entitlements;
				COMBINE_HIDPI_IMAGES = YES;
				CURRENT_PROJECT_VERSION = 32;
				ENABLE_USER_SCRIPT_SANDBOXING = NO;
				GENERATE_INFOPLIST_FILE = NO;
				INFOPLIST_FILE = Sojourn/Info.plist;
				LD_RUNPATH_SEARCH_PATHS = (
					"$(inherited)",
					"@executable_path/../Frameworks",
				);
				MARKETING_VERSION = 0.4.0;
				PRODUCT_BUNDLE_IDENTIFIER = app.bizarre.sojourn;
				PRODUCT_NAME = Sojourn;
				SDKROOT = macosx;
				SWIFT_EMIT_LOC_STRINGS = YES;
				xcconfig = Sojourn/Config/Debug.xcconfig;
			};
			name = Debug;
		};
		6F4A34E7C7C687FAC3FB85DA /* Release */ = {
			isa = XCBuildConfiguration;
			buildSettings = {
				BUNDLE_LOADER = "$(TEST_HOST)";
				COMBINE_HIDPI_IMAGES = YES;
				GENERATE_INFOPLIST_FILE = YES;
				LD_RUNPATH_SEARCH_PATHS = (
					"$(inherited)",
					"@executable_path/../Frameworks",
					"@loader_path/../Frameworks",
				);
				PRODUCT_BUNDLE_IDENTIFIER = app.bizarre.sojourn.tests;
				SDKROOT = macosx;
				SWIFT_EMIT_LOC_STRINGS = NO;
				TEST_HOST = "$(BUILT_PRODUCTS_DIR)/Sojourn.app/Contents/MacOS/Sojourn";
			};
			name = Release;
		};
		735CDFFBC5E8C059EACD4295 /* Release */ = {
			isa = XCBuildConfiguration;
			buildSettings = {
				ASSETCATALOG_COMPILER_APPICON_NAME = AppIcon;
				CODE_SIGN_ENTITLEMENTS = Sojourn/Sojourn.entitlements;
				COMBINE_HIDPI_IMAGES = YES;
				CURRENT_PROJECT_VERSION = 32;
				ENABLE_USER_SCRIPT_SANDBOXING = NO;
				GENERATE_INFOPLIST_FILE = NO;
				INFOPLIST_FILE = Sojourn/Info.plist;
				LD_RUNPATH_SEARCH_PATHS = (
					"$(inherited)",
					"@executable_path/../Frameworks",
				);
				MARKETING_VERSION = 0.4.0;
				PRODUCT_BUNDLE_IDENTIFIER = app.bizarre.sojourn;
				PRODUCT_NAME = Sojourn;
				SDKROOT = macosx;
				SWIFT_EMIT_LOC_STRINGS = YES;
				xcconfig = Sojourn/Config/Release.xcconfig;
			};
			name = Release;
		};
		A791B816A1F505C6DAA09093 /* Debug */ = {
			isa = XCBuildConfiguration;
			buildSettings = {
				CODE_SIGN_ENTITLEMENTS = MasHelper/MasHelper.entitlements;
				COMBINE_HIDPI_IMAGES = YES;
				CREATE_INFOPLIST_SECTION_IN_BINARY = YES;
				CURRENT_PROJECT_VERSION = 32;
				ENABLE_HARDENED_RUNTIME = YES;
				GENERATE_INFOPLIST_FILE = NO;
				INFOPLIST_FILE = MasHelper/Info.plist;
				LD_RUNPATH_SEARCH_PATHS = (
					"$(inherited)",
					"@executable_path/../Frameworks",
				);
				MARKETING_VERSION = 0.4.0;
				PRODUCT_BUNDLE_IDENTIFIER = industries.bizarre.Sojourn.helper;
				PRODUCT_NAME = industries.bizarre.Sojourn.helper;
				SDKROOT = macosx;
				SKIP_INSTALL = YES;
				SWIFT_EMIT_LOC_STRINGS = NO;
				SWIFT_STRICT_CONCURRENCY = complete;
				SWIFT_UPCOMING_FEATURE_EXISTENTIAL_ANY = YES;
			};
			name = Debug;
		};
		B0212FD4523A6328DF7D5A92 /* Debug */ = {
			isa = XCBuildConfiguration;
			buildSettings = {
				BUNDLE_LOADER = "$(TEST_HOST)";
				COMBINE_HIDPI_IMAGES = YES;
				GENERATE_INFOPLIST_FILE = YES;
				LD_RUNPATH_SEARCH_PATHS = (
					"$(inherited)",
					"@executable_path/../Frameworks",
					"@loader_path/../Frameworks",
				);
				PRODUCT_BUNDLE_IDENTIFIER = app.bizarre.sojourn.tests;
				SDKROOT = macosx;
				SWIFT_EMIT_LOC_STRINGS = NO;
				TEST_HOST = "$(BUILT_PRODUCTS_DIR)/Sojourn.app/Contents/MacOS/Sojourn";
			};
			name = Debug;
		};
		B2154E54E77BEC3B737B2F02 /* Debug */ = {
			isa = XCBuildConfiguration;
			buildSettings = {
				BUNDLE_LOADER = "$(TEST_HOST)";
				COMBINE_HIDPI_IMAGES = YES;
				GENERATE_INFOPLIST_FILE = YES;
				LD_RUNPATH_SEARCH_PATHS = (
					"$(inherited)",
					"@executable_path/Frameworks",
					"@loader_path/Frameworks",
				);
				PRODUCT_BUNDLE_IDENTIFIER = app.bizarre.sojourn.uitests;
				SDKROOT = macosx;
				SWIFT_EMIT_LOC_STRINGS = NO;
				TEST_TARGET_NAME = Sojourn;
			};
			name = Debug;
		};
		B8B5FF389D7210D94E0FAE52 /* Release */ = {
			isa = XCBuildConfiguration;
			buildSettings = {
				CODE_SIGN_ENTITLEMENTS = MasHelper/MasHelper.entitlements;
				COMBINE_HIDPI_IMAGES = YES;
				CREATE_INFOPLIST_SECTION_IN_BINARY = YES;
				CURRENT_PROJECT_VERSION = 32;
				ENABLE_HARDENED_RUNTIME = YES;
				GENERATE_INFOPLIST_FILE = NO;
				INFOPLIST_FILE = MasHelper/Info.plist;
				LD_RUNPATH_SEARCH_PATHS = (
					"$(inherited)",
					"@executable_path/../Frameworks",
				);
				MARKETING_VERSION = 0.4.0;
				PRODUCT_BUNDLE_IDENTIFIER = industries.bizarre.Sojourn.helper;
				PRODUCT_NAME = industries.bizarre.Sojourn.helper;
				SDKROOT = macosx;
				SKIP_INSTALL = YES;
				SWIFT_EMIT_LOC_STRINGS = NO;
				SWIFT_STRICT_CONCURRENCY = complete;
				SWIFT_UPCOMING_FEATURE_EXISTENTIAL_ANY = YES;
			};
			name = Release;
		};
		BF3A7C66B8AE7137C7DC38D6 /* Release */ = {
			isa = XCBuildConfiguration;
			buildSettings = {
				ALWAYS_SEARCH_USER_PATHS = NO;
				ASSETCATALOG_COMPILER_APPICON_NAME = AppIcon;
				ASSETCATALOG_COMPILER_GLOBAL_ACCENT_COLOR_NAME = AccentColor;
				CLANG_ANALYZER_NONNULL = YES;
				CLANG_ANALYZER_NUMBER_OBJECT_CONVERSION = YES_AGGRESSIVE;
				CLANG_CXX_LANGUAGE_STANDARD = "gnu++14";
				CLANG_CXX_LIBRARY = "libc++";
				CLANG_ENABLE_MODULES = YES;
				CLANG_ENABLE_OBJC_ARC = YES;
				CLANG_ENABLE_OBJC_WEAK = YES;
				CLANG_WARN_BLOCK_CAPTURE_AUTORELEASING = YES;
				CLANG_WARN_BOOL_CONVERSION = YES;
				CLANG_WARN_COMMA = YES;
				CLANG_WARN_CONSTANT_CONVERSION = YES;
				CLANG_WARN_DEPRECATED_OBJC_IMPLEMENTATIONS = YES;
				CLANG_WARN_DIRECT_OBJC_ISA_USAGE = YES_ERROR;
				CLANG_WARN_DOCUMENTATION_COMMENTS = YES;
				CLANG_WARN_EMPTY_BODY = YES;
				CLANG_WARN_ENUM_CONVERSION = YES;
				CLANG_WARN_INFINITE_RECURSION = YES;
				CLANG_WARN_INT_CONVERSION = YES;
				CLANG_WARN_NON_LITERAL_NULL_CONVERSION = YES;
				CLANG_WARN_OBJC_IMPLICIT_RETAIN_SELF = YES;
				CLANG_WARN_OBJC_LITERAL_CONVERSION = YES;
				CLANG_WARN_OBJC_ROOT_CLASS = YES_ERROR;
				CLANG_WARN_QUOTED_INCLUDE_IN_FRAMEWORK_HEADER = YES;
				CLANG_WARN_RANGE_LOOP_ANALYSIS = YES;
				CLANG_WARN_STRICT_PROTOTYPES = YES;
				CLANG_WARN_SUSPICIOUS_MOVE = YES;
				CLANG_WARN_UNGUARDED_AVAILABILITY = YES_AGGRESSIVE;
				CLANG_WARN_UNREACHABLE_CODE = YES;
				CLANG_WARN__DUPLICATE_METHOD_MATCH = YES;
				CODE_SIGN_STYLE = Automatic;
				COPY_PHASE_STRIP = NO;
				DEBUG_INFORMATION_FORMAT = "dwarf-with-dsym";
				DEVELOPMENT_TEAM = "";
				ENABLE_HARDENED_RUNTIME = YES;
				ENABLE_NS_ASSERTIONS = NO;
				ENABLE_STRICT_OBJC_MSGSEND = YES;
				GCC_C_LANGUAGE_STANDARD = gnu11;
				GCC_NO_COMMON_BLOCKS = YES;
				GCC_WARN_64_TO_32_BIT_CONVERSION = YES;
				GCC_WARN_ABOUT_RETURN_TYPE = YES_ERROR;
				GCC_WARN_UNDECLARED_SELECTOR = YES;
				GCC_WARN_UNINITIALIZED_AUTOS = YES_AGGRESSIVE;
				GCC_WARN_UNUSED_FUNCTION = YES;
				GCC_WARN_UNUSED_VARIABLE = YES;
				MACOSX_DEPLOYMENT_TARGET = 26.0;
				MTL_ENABLE_DEBUG_INFO = NO;
				MTL_FAST_MATH = YES;
				PRODUCT_NAME = "$(TARGET_NAME)";
				SDKROOT = macosx;
				SWIFT_COMPILATION_MODE = wholemodule;
				SWIFT_OPTIMIZATION_LEVEL = "-O";
				SWIFT_STRICT_CONCURRENCY = complete;
				SWIFT_UPCOMING_FEATURE_EXISTENTIAL_ANY = YES;
				SWIFT_UPCOMING_FEATURE_INTERNAL_IMPORTS_BY_DEFAULT = YES;
				SWIFT_VERSION = 6.1;
			};
			name = Release;
		};
/* End XCBuildConfiguration section */

/* Begin XCConfigurationList section */
		2D4A2A3120869E1A7EFCC9F7 /* Build configuration list for PBXNativeTarget "Sojourn" */ = {
			isa = XCConfigurationList;
			buildConfigurations = (
				5CC4F7F4C027C06BA4EB3D29 /* Debug */,
				735CDFFBC5E8C059EACD4295 /* Release */,
			);
			defaultConfigurationIsVisible = 0;
			defaultConfigurationName = Debug;
		};
		B2C6763179968C37CC3588BC /* Build configuration list for PBXNativeTarget "MasHelper" */ = {
			isa = XCConfigurationList;
			buildConfigurations = (
				A791B816A1F505C6DAA09093 /* Debug */,
				B8B5FF389D7210D94E0FAE52 /* Release */,
			);
			defaultConfigurationIsVisible = 0;
			defaultConfigurationName = Debug;
		};
		B57B0B1BF75E6527A6968C19 /* Build configuration list for PBXProject "Sojourn" */ = {
			isa = XCConfigurationList;
			buildConfigurations = (
				0E9E4FFE30874D4F1DA58569 /* Debug */,
				BF3A7C66B8AE7137C7DC38D6 /* Release */,
			);
			defaultConfigurationIsVisible = 0;
			defaultConfigurationName = Debug;
		};
		C61FD30EEAA27CE94DB738B9 /* Build configuration list for PBXNativeTarget "SojournTests" */ = {
			isa = XCConfigurationList;
			buildConfigurations = (
				B0212FD4523A6328DF7D5A92 /* Debug */,
				6F4A34E7C7C687FAC3FB85DA /* Release */,
			);
			defaultConfigurationIsVisible = 0;
			defaultConfigurationName = Debug;
		};
		D0C1628D69FE27EBB46460EC /* Build configuration list for PBXNativeTarget "SojournUITests" */ = {
			isa = XCConfigurationList;
			buildConfigurations = (
				B2154E54E77BEC3B737B2F02 /* Debug */,
				00911198A434F6B629857350 /* Release */,
			);
			defaultConfigurationIsVisible = 0;
			defaultConfigurationName = Debug;
		};
/* End XCConfigurationList section */

/* Begin XCRemoteSwiftPackageReference section */
		1059625C2ECBD3457AD1FA4C /* XCRemoteSwiftPackageReference "swift-subprocess" */ = {
			isa = XCRemoteSwiftPackageReference;
			repositoryURL = "https://github.com/swiftlang/swift-subprocess.git";
			requirement = {
				kind = upToNextMinorVersion;
				minimumVersion = 0.4.0;
			};
		};
		6604167E2ABE1EBEEF5A47E4 /* XCRemoteSwiftPackageReference "MenuBarExtraAccess" */ = {
			isa = XCRemoteSwiftPackageReference;
			repositoryURL = "https://github.com/orchetect/MenuBarExtraAccess.git";
			requirement = {
				kind = upToNextMinorVersion;
				minimumVersion = 1.3.0;
			};
		};
		D5D4224684365BBEC79F19EA /* XCRemoteSwiftPackageReference "Sparkle" */ = {
			isa = XCRemoteSwiftPackageReference;
			repositoryURL = "https://github.com/sparkle-project/Sparkle.git";
			requirement = {
				kind = upToNextMinorVersion;
				minimumVersion = 2.9.0;
			};
		};
/* End XCRemoteSwiftPackageReference section */

/* Begin XCSwiftPackageProductDependency section */
		39BF93AAF2A4FCFC7EBAD55E /* Subprocess */ = {
			isa = XCSwiftPackageProductDependency;
			package = 1059625C2ECBD3457AD1FA4C /* XCRemoteSwiftPackageReference "swift-subprocess" */;
			productName = Subprocess;
		};
		6D20408C069D9385AE80FE87 /* Sparkle */ = {
			isa = XCSwiftPackageProductDependency;
			package = D5D4224684365BBEC79F19EA /* XCRemoteSwiftPackageReference "Sparkle" */;
			productName = Sparkle;
		};
		B7BF6B03C13860CCD1E85526 /* MenuBarExtraAccess */ = {
			isa = XCSwiftPackageProductDependency;
			package = 6604167E2ABE1EBEEF5A47E4 /* XCRemoteSwiftPackageReference "MenuBarExtraAccess" */;
			productName = MenuBarExtraAccess;
		};
/* End XCSwiftPackageProductDependency section */
	};
	rootObject = 8859980E698820D5DE487503 /* Project object */;
}
